
Microsoft Visual Studio Solution File, Format Version 12.00
# Visual Studio Version 17
VisualStudioVersion = 17.0.31919.166
MinimumVisualStudioVersion = 10.0.40219.1
Project("{2150E333-8FDC-42A3-9474-1A3956D46DE8}") = "DataFlow.Extensions", "DataFlow.Extensions", "{41543B92-12D1-4956-8D0C-C3DEB7B574AF}"
EndProject
Project("{2150E333-8FDC-42A3-9474-1A3956D46DE8}") = "DataFlow.Framework", "DataFlow.Framework", "{18327ADF-23FD-4B67-BBD1-38043FE41435}"
EndProject
Project("{9A19103F-16F7-4668-BE54-9A1E7A4F7556}") = "DataFlow.Framework.WatchedValueWrapper", "DataFlow.Framework.WatchedValue\DataFlow.Framework.WatchedValueWrapper.csproj", "{67D8D548-B20C-42C4-862F-B290CE04FDBE}"
EndProject
Project("{2150E333-8FDC-42A3-9474-1A3956D46DE8}") = "DataFlow.Logger", "DataFlow.Logger", "{F52396D5-00FB-46F9-AFBD-1CF59CD2AE4E}"
EndProject
Project("{9A19103F-16F7-4668-BE54-9A1E7A4F7556}") = "DataFlow.Framework.Guard", "DataFlow.Framework.Guard\DataFlow.Framework.Guard.csproj", "{89FF56B2-A52D-44D0-897B-55DD6D822887}"
EndProject
Project("{9A19103F-16F7-4668-BE54-9A1E7A4F7556}") = "DataFlow.Extensions.IntExtensions", "DataFlow.Extensions.IntExtensions\DataFlow.Extensions.IntExtensions.csproj", "{D37A6432-5AB0-47D9-A575-972421F5C598}"
EndProject
Project("{9A19103F-16F7-4668-BE54-9A1E7A4F7556}") = "DataFlow.Extentions.StringExtensions", "DataFlow.Extensions.StringExtensions\DataFlow.Extentions.StringExtensions.csproj", "{BD033F1B-D4B9-47EB-894F-6A786D379417}"
EndProject
Project("{9A19103F-16F7-4668-BE54-9A1E7A4F7556}") = "DataFlow.Extensions.ArrayExtensions", "DataFlow.Extensions.ArrayExtensions\DataFlow.Extensions.ArrayExtensions.csproj", "{3CBC1D3D-516D-4F17-A32A-9B01586EF3B5}"
EndProject
Project("{9A19103F-16F7-4668-BE54-9A1E7A4F7556}") = "DataFlow.Framework.UnixStyleArgs", "DataFlow.Framework.UnixStyleArgs\DataFlow.Framework.UnixStyleArgs.csproj", "{0341F21E-E0B8-42EE-8154-209B7C59DAB6}"
EndProject
Project("{9A19103F-16F7-4668-BE54-9A1E7A4F7556}") = "DataFlow.Framework.EnumerableWithNote", "DataFlow.Framework.EnumerablePlus\DataFlow.Framework.EnumerableWithNote.csproj", "{F91288AD-9E19-4E5B-8003-DBA0EC439D0D}"
EndProject
Project("{2150E333-8FDC-42A3-9474-1A3956D46DE8}") = "DataFlow.Data", "DataFlow.Data", "{D4045A51-337D-4B3C-8A9E-27BB23D3716E}"
EndProject
Project("{9A19103F-16F7-4668-BE54-9A1E7A4F7556}") = "DataFlow.Data.Write", "DataFlow.Data.Write\DataFlow.Data.Write.csproj", "{A486C499-6B38-475D-BF1C-CCDD699137FB}"
EndProject
Project("{FAE04EC0-301F-11D3-BF4B-00C04F79EFBC}") = "DataFlow.Logger", "DataFlow.Logger\DataFlow.Logger.csproj", "{62A6CF89-162D-175E-E662-7093F8A32B6E}"
EndProject
Project("{FAE04EC0-301F-11D3-BF4B-00C04F79EFBC}") = "DataFlow.Extensions.ParallelQueryExtensions", "DataFlow.Extensions.ParallelQueryExtensions\DataFlow.Extensions.ParallelQueryExtensions.csproj", "{2EFB104D-460D-47E2-B496-90BCF5A3DCDB}"
EndProject
Project("{FAE04EC0-301F-11D3-BF4B-00C04F79EFBC}") = "DataFlow.Framework.ParallelAsyncQuery", "DataFlow.Framework.ParallelAsyncQuery\DataFlow.Framework.ParallelAsyncQuery.csproj", "{2A1FF6C8-0918-40AD-A345-6078A68AC1B5}"
EndProject
Project("{FAE04EC0-301F-11D3-BF4B-00C04F79EFBC}") = "DataFlow.Extensions.ParallelAsyncQueryExtensions", "DataFlow.Extensions.ParallelAsyncQueryExtensions\DataFlow.Extensions.ParallelAsyncQueryExtensions.csproj", "{55F44B59-1CB8-4EA7-B66D-43CBF0D06B16}"
EndProject
Project("{FAE04EC0-301F-11D3-BF4B-00C04F79EFBC}") = "DataFlow.Framework.SparkQuery", "DataFlow.Framework.SparkQuery\DataFlow.Framework.SparkQuery.csproj", "{B931AC32-D53E-41E1-BFBE-B887365C502C}"
EndProject
Project("{FAE04EC0-301F-11D3-BF4B-00C04F79EFBC}") = "DataFlow.Extensions.SparkQueryExtensions", "DataFlow.Extensions.SparkQueryExtensions\DataFlow.Extensions.SparkQueryExtensions.csproj", "{976AEE57-E7D2-45FC-84D7-CEDBF66940FB}"
EndProject
Project("{FAE04EC0-301F-11D3-BF4B-00C04F79EFBC}") = "DataFlow.Extensions.DictionaryExtensions", "DataFlow.Extensions.DictionnaryExtensions\DataFlow.Extensions.DictionaryExtensions.csproj", "{DFCFC0FA-89EE-4A9F-8C9A-4002AAA77916}"
EndProject
Project("{FAE04EC0-301F-11D3-BF4B-00C04F79EFBC}") = "DataFlow.Extensions.AsyncEnumerableExtensions", "DataFlow.Extensions.AsyncEnumerableExtensions\DataFlow.Extensions.AsyncEnumerableExtensions.csproj", "{E3D39B2C-CA82-D3C7-4195-DCD4ECA04B5C}"
EndProject
Project("{FAE04EC0-301F-11D3-BF4B-00C04F79EFBC}") = "DataFlow.Extensions.EnumerableExtensions", "DataFlow.Extensions.EnumerableExtensions\DataFlow.Extensions.EnumerableExtensions.csproj", "{3C167F8E-90B8-A920-CF37-1FE5FF863E19}"
EndProject
Project("{FAE04EC0-301F-11D3-BF4B-00C04F79EFBC}") = "DataFlow.App.UsageExamples", "DataFlow.Test.UsageExamples\DataFlow.App.UsageExamples.csproj", "{D0CCC604-AE81-D182-579C-64617B978DA4}"
EndProject
Project("{FAE04EC0-301F-11D3-BF4B-00C04F79EFBC}") = "DataFlow.Data.Read", "DataFlow.Data.Read\DataFlow.Data.Read.csproj", "{05AECCA9-400C-122E-DF25-9014D996CCDA}"
EndProject
Project("{FAE04EC0-301F-11D3-BF4B-00C04F79EFBC}") = "DataFlow.Logger.Test.UsageExamples", "DataFlow.Logger.Test.UsageExamples\DataFlow.Logger.Test.UsageExamples.csproj", "{89D0EA19-2B3C-E8E8-8F8D-EF5423B9360C}"
EndProject
Project("{FAE04EC0-301F-11D3-BF4B-00C04F79EFBC}") = "DataFlow.FrameworkSyntaxi", "DataFlow.Framework.Syntaxi\DataFlow.FrameworkSyntaxi.csproj", "{F2092437-7C22-EDE1-2409-5B1AF0D40096}"
EndProject
Project("{FAE04EC0-301F-11D3-BF4B-00C04F79EFBC}") = "DataFlow.Framework.AsyncEnumerable", "DataFlow.Framework.AsyncEnumerable\DataFlow.Framework.AsyncEnumerable.csproj", "{C8A02D25-5DDA-1555-A3AE-30B97D2888BA}"
EndProject
Project("{FAE04EC0-301F-11D3-BF4B-00C04F79EFBC}") = "DataFlow.Extensions.RegexTokenizerExtensions", "DataFlow.Extensions.RegexTokenizerExtensions\DataFlow.Extensions.RegexTokenizerExtensions.csproj", "{C0269C9A-5132-F465-BF7D-2812EB6F88C8}"
EndProject
Project("{FAE04EC0-301F-11D3-BF4B-00C04F79EFBC}") = "DataFlow.Framework.RegexTokenizer", "DataFlow.Framework.RegexTokenizer\DataFlow.Framework.RegexTokenizer.csproj", "{EF0ABB8B-4689-49DC-E21C-1ED0D3346329}"
EndProject
Project("{FAE04EC0-301F-11D3-BF4B-00C04F79EFBC}") = "DataFlow.Data.Benchmarks", "..\benchmarks\DataFlow.Data.Benchmarks\DataFlow.Data.Benchmarks.csproj", "{14D8BC80-4EA3-49A8-B682-5F4393ACC5A8}"
EndProject
Project("{2150E333-8FDC-42A3-9474-1A3956D46DE8}") = "UnitTests", "UnitTests", "{02EA681E-C7D8-13C7-8484-4AC65E1B71E8}"
EndProject
Project("{FAE04EC0-301F-11D3-BF4B-00C04F79EFBC}") = "DataFlow.Framework.ObjectMaterialization", "DataFlow.Framework.ObjectMaterializer\DataFlow.Framework.ObjectMaterialization.csproj", "{1DE2CE5D-FDAF-4635-3979-59E944AAB74D}"
EndProject
Project("{FAE04EC0-301F-11D3-BF4B-00C04F79EFBC}") = "DataFlow.Data.Tests", "UnitTests\DataFlow.Data.Tests\DataFlow.Data.Tests.csproj", "{F5799313-3B89-2400-BD30-A8DAE615EA75}"
EndProject
Project("{FAE04EC0-301F-11D3-BF4B-00C04F79EFBC}") = "DataFlow.Logger.Tests", "DataFlow.Logger\DataFlow.Logger.Tests\DataFlow.Logger.Tests.csproj", "{B82BD05E-2C48-248A-6867-98A0C96A430E}"
EndProject
Project("{FAE04EC0-301F-11D3-BF4B-00C04F79EFBC}") = "DataFlow.SparkQuery.Tests", "UnitTests\DataFlow.SparkQuery.Tests\DataFlow.SparkQuery.Tests.csproj", "{FB18058A-FB29-4179-A6AB-5E3BFCFE4830}"
EndProject
Project("{FAE04EC0-301F-11D3-BF4B-00C04F79EFBC}") = "DataFlow.Core.Tests", "UnitTests\DataFlow.Core.Tests\DataFlow.Core.Tests.csproj", "{8F2BF73F-0FF5-4CEA-C318-BD8AE1771E52}"
EndProject
Project("{FAE04EC0-301F-11D3-BF4B-00C04F79EFBC}") = "DataFlow.Data.Write.Tests", "UnitTests\DataFlow.Data.Write.Tests\DataFlow.Data.Write.Tests.csproj", "{22CEAD7A-DCBC-1344-F676-442DAD0AF8D9}"
EndProject
Project("{FAE04EC0-301F-11D3-BF4B-00C04F79EFBC}") = "DataFlow.SnowflakeQuery.Tests", "UnitTests\DataFlow.SnowflakeQuery.Tests\DataFlow.SnowflakeQuery.Tests.csproj", "{0D7F0312-C8F0-1939-C6FA-2F63EC895331}"
EndProject
Project("{FAE04EC0-301F-11D3-BF4B-00C04F79EFBC}") = "DataFlow.Framework.SnowflakeQuery", "DataFlow.Framework.SnowflakeQuery\DataFlow.Framework.SnowflakeQuery.csproj", "{6E7B3C66-7423-D5DB-C9F0-63D404CE8A4F}"
EndProject
Project("{FAE04EC0-301F-11D3-BF4B-00C04F79EFBC}") = "DataFlow.ParallelAsyncQuery.Tests", "UnitTests\DataFlow.ParallelAsyncQuery.Tests\DataFlow.ParallelAsyncQuery.Tests.csproj", "{D0BDEBAF-3313-C183-A826-C93B4DC140E4}"
EndProject
Project("{2150E333-8FDC-42A3-9474-1A3956D46DE8}") = "TBD", "TBD", "{137DF00C-87DC-4EBC-84D8-0EB584E57F91}"
EndProject
Global
	GlobalSection(SolutionConfigurationPlatforms) = preSolution
		Debug|Any CPU = Debug|Any CPU
		Debug|x64 = Debug|x64
		Debug|x86 = Debug|x86
		Release|Any CPU = Release|Any CPU
		Release|x64 = Release|x64
		Release|x86 = Release|x86
	EndGlobalSection
	GlobalSection(ProjectConfigurationPlatforms) = postSolution
		{67D8D548-B20C-42C4-862F-B290CE04FDBE}.Debug|Any CPU.ActiveCfg = Debug|Any CPU
		{67D8D548-B20C-42C4-862F-B290CE04FDBE}.Debug|Any CPU.Build.0 = Debug|Any CPU
		{67D8D548-B20C-42C4-862F-B290CE04FDBE}.Debug|x64.ActiveCfg = Debug|Any CPU
		{67D8D548-B20C-42C4-862F-B290CE04FDBE}.Debug|x64.Build.0 = Debug|Any CPU
		{67D8D548-B20C-42C4-862F-B290CE04FDBE}.Debug|x86.ActiveCfg = Debug|Any CPU
		{67D8D548-B20C-42C4-862F-B290CE04FDBE}.Debug|x86.Build.0 = Debug|Any CPU
		{67D8D548-B20C-42C4-862F-B290CE04FDBE}.Release|Any CPU.ActiveCfg = Release|Any CPU
		{67D8D548-B20C-42C4-862F-B290CE04FDBE}.Release|Any CPU.Build.0 = Release|Any CPU
		{67D8D548-B20C-42C4-862F-B290CE04FDBE}.Release|x64.ActiveCfg = Release|Any CPU
		{67D8D548-B20C-42C4-862F-B290CE04FDBE}.Release|x64.Build.0 = Release|Any CPU
		{67D8D548-B20C-42C4-862F-B290CE04FDBE}.Release|x86.ActiveCfg = Release|Any CPU
		{67D8D548-B20C-42C4-862F-B290CE04FDBE}.Release|x86.Build.0 = Release|Any CPU
		{89FF56B2-A52D-44D0-897B-55DD6D822887}.Debug|Any CPU.ActiveCfg = Debug|Any CPU
		{89FF56B2-A52D-44D0-897B-55DD6D822887}.Debug|Any CPU.Build.0 = Debug|Any CPU
		{89FF56B2-A52D-44D0-897B-55DD6D822887}.Debug|x64.ActiveCfg = Debug|Any CPU
		{89FF56B2-A52D-44D0-897B-55DD6D822887}.Debug|x64.Build.0 = Debug|Any CPU
		{89FF56B2-A52D-44D0-897B-55DD6D822887}.Debug|x86.ActiveCfg = Debug|Any CPU
		{89FF56B2-A52D-44D0-897B-55DD6D822887}.Debug|x86.Build.0 = Debug|Any CPU
		{89FF56B2-A52D-44D0-897B-55DD6D822887}.Release|Any CPU.ActiveCfg = Release|Any CPU
		{89FF56B2-A52D-44D0-897B-55DD6D822887}.Release|Any CPU.Build.0 = Release|Any CPU
		{89FF56B2-A52D-44D0-897B-55DD6D822887}.Release|x64.ActiveCfg = Release|Any CPU
		{89FF56B2-A52D-44D0-897B-55DD6D822887}.Release|x64.Build.0 = Release|Any CPU
		{89FF56B2-A52D-44D0-897B-55DD6D822887}.Release|x86.ActiveCfg = Release|Any CPU
		{89FF56B2-A52D-44D0-897B-55DD6D822887}.Release|x86.Build.0 = Release|Any CPU
		{D37A6432-5AB0-47D9-A575-972421F5C598}.Debug|Any CPU.ActiveCfg = Debug|Any CPU
		{D37A6432-5AB0-47D9-A575-972421F5C598}.Debug|Any CPU.Build.0 = Debug|Any CPU
		{D37A6432-5AB0-47D9-A575-972421F5C598}.Debug|x64.ActiveCfg = Debug|Any CPU
		{D37A6432-5AB0-47D9-A575-972421F5C598}.Debug|x64.Build.0 = Debug|Any CPU
		{D37A6432-5AB0-47D9-A575-972421F5C598}.Debug|x86.ActiveCfg = Debug|Any CPU
		{D37A6432-5AB0-47D9-A575-972421F5C598}.Debug|x86.Build.0 = Debug|Any CPU
		{D37A6432-5AB0-47D9-A575-972421F5C598}.Release|Any CPU.ActiveCfg = Release|Any CPU
		{D37A6432-5AB0-47D9-A575-972421F5C598}.Release|Any CPU.Build.0 = Release|Any CPU
		{D37A6432-5AB0-47D9-A575-972421F5C598}.Release|x64.ActiveCfg = Release|Any CPU
		{D37A6432-5AB0-47D9-A575-972421F5C598}.Release|x64.Build.0 = Release|Any CPU
		{D37A6432-5AB0-47D9-A575-972421F5C598}.Release|x86.ActiveCfg = Release|Any CPU
		{D37A6432-5AB0-47D9-A575-972421F5C598}.Release|x86.Build.0 = Release|Any CPU
		{BD033F1B-D4B9-47EB-894F-6A786D379417}.Debug|Any CPU.ActiveCfg = Debug|Any CPU
		{BD033F1B-D4B9-47EB-894F-6A786D379417}.Debug|Any CPU.Build.0 = Debug|Any CPU
		{BD033F1B-D4B9-47EB-894F-6A786D379417}.Debug|x64.ActiveCfg = Debug|Any CPU
		{BD033F1B-D4B9-47EB-894F-6A786D379417}.Debug|x64.Build.0 = Debug|Any CPU
		{BD033F1B-D4B9-47EB-894F-6A786D379417}.Debug|x86.ActiveCfg = Debug|Any CPU
		{BD033F1B-D4B9-47EB-894F-6A786D379417}.Debug|x86.Build.0 = Debug|Any CPU
		{BD033F1B-D4B9-47EB-894F-6A786D379417}.Release|Any CPU.ActiveCfg = Release|Any CPU
		{BD033F1B-D4B9-47EB-894F-6A786D379417}.Release|Any CPU.Build.0 = Release|Any CPU
		{BD033F1B-D4B9-47EB-894F-6A786D379417}.Release|x64.ActiveCfg = Release|Any CPU
		{BD033F1B-D4B9-47EB-894F-6A786D379417}.Release|x64.Build.0 = Release|Any CPU
		{BD033F1B-D4B9-47EB-894F-6A786D379417}.Release|x86.ActiveCfg = Release|Any CPU
		{BD033F1B-D4B9-47EB-894F-6A786D379417}.Release|x86.Build.0 = Release|Any CPU
		{3CBC1D3D-516D-4F17-A32A-9B01586EF3B5}.Debug|Any CPU.ActiveCfg = Debug|Any CPU
		{3CBC1D3D-516D-4F17-A32A-9B01586EF3B5}.Debug|Any CPU.Build.0 = Debug|Any CPU
		{3CBC1D3D-516D-4F17-A32A-9B01586EF3B5}.Debug|x64.ActiveCfg = Debug|Any CPU
		{3CBC1D3D-516D-4F17-A32A-9B01586EF3B5}.Debug|x64.Build.0 = Debug|Any CPU
		{3CBC1D3D-516D-4F17-A32A-9B01586EF3B5}.Debug|x86.ActiveCfg = Debug|Any CPU
		{3CBC1D3D-516D-4F17-A32A-9B01586EF3B5}.Debug|x86.Build.0 = Debug|Any CPU
		{3CBC1D3D-516D-4F17-A32A-9B01586EF3B5}.Release|Any CPU.ActiveCfg = Release|Any CPU
		{3CBC1D3D-516D-4F17-A32A-9B01586EF3B5}.Release|Any CPU.Build.0 = Release|Any CPU
		{3CBC1D3D-516D-4F17-A32A-9B01586EF3B5}.Release|x64.ActiveCfg = Release|Any CPU
		{3CBC1D3D-516D-4F17-A32A-9B01586EF3B5}.Release|x64.Build.0 = Release|Any CPU
		{3CBC1D3D-516D-4F17-A32A-9B01586EF3B5}.Release|x86.ActiveCfg = Release|Any CPU
		{3CBC1D3D-516D-4F17-A32A-9B01586EF3B5}.Release|x86.Build.0 = Release|Any CPU
		{0341F21E-E0B8-42EE-8154-209B7C59DAB6}.Debug|Any CPU.ActiveCfg = Debug|Any CPU
		{0341F21E-E0B8-42EE-8154-209B7C59DAB6}.Debug|Any CPU.Build.0 = Debug|Any CPU
		{0341F21E-E0B8-42EE-8154-209B7C59DAB6}.Debug|x64.ActiveCfg = Debug|Any CPU
		{0341F21E-E0B8-42EE-8154-209B7C59DAB6}.Debug|x64.Build.0 = Debug|Any CPU
		{0341F21E-E0B8-42EE-8154-209B7C59DAB6}.Debug|x86.ActiveCfg = Debug|Any CPU
		{0341F21E-E0B8-42EE-8154-209B7C59DAB6}.Debug|x86.Build.0 = Debug|Any CPU
		{0341F21E-E0B8-42EE-8154-209B7C59DAB6}.Release|Any CPU.ActiveCfg = Release|Any CPU
		{0341F21E-E0B8-42EE-8154-209B7C59DAB6}.Release|Any CPU.Build.0 = Release|Any CPU
		{0341F21E-E0B8-42EE-8154-209B7C59DAB6}.Release|x64.ActiveCfg = Release|Any CPU
		{0341F21E-E0B8-42EE-8154-209B7C59DAB6}.Release|x64.Build.0 = Release|Any CPU
		{0341F21E-E0B8-42EE-8154-209B7C59DAB6}.Release|x86.ActiveCfg = Release|Any CPU
		{0341F21E-E0B8-42EE-8154-209B7C59DAB6}.Release|x86.Build.0 = Release|Any CPU
		{F91288AD-9E19-4E5B-8003-DBA0EC439D0D}.Debug|Any CPU.ActiveCfg = Debug|Any CPU
		{F91288AD-9E19-4E5B-8003-DBA0EC439D0D}.Debug|Any CPU.Build.0 = Debug|Any CPU
		{F91288AD-9E19-4E5B-8003-DBA0EC439D0D}.Debug|x64.ActiveCfg = Debug|Any CPU
		{F91288AD-9E19-4E5B-8003-DBA0EC439D0D}.Debug|x64.Build.0 = Debug|Any CPU
		{F91288AD-9E19-4E5B-8003-DBA0EC439D0D}.Debug|x86.ActiveCfg = Debug|Any CPU
		{F91288AD-9E19-4E5B-8003-DBA0EC439D0D}.Debug|x86.Build.0 = Debug|Any CPU
		{F91288AD-9E19-4E5B-8003-DBA0EC439D0D}.Release|Any CPU.ActiveCfg = Release|Any CPU
		{F91288AD-9E19-4E5B-8003-DBA0EC439D0D}.Release|Any CPU.Build.0 = Release|Any CPU
		{F91288AD-9E19-4E5B-8003-DBA0EC439D0D}.Release|x64.ActiveCfg = Release|Any CPU
		{F91288AD-9E19-4E5B-8003-DBA0EC439D0D}.Release|x64.Build.0 = Release|Any CPU
		{F91288AD-9E19-4E5B-8003-DBA0EC439D0D}.Release|x86.ActiveCfg = Release|Any CPU
		{F91288AD-9E19-4E5B-8003-DBA0EC439D0D}.Release|x86.Build.0 = Release|Any CPU
		{A486C499-6B38-475D-BF1C-CCDD699137FB}.Debug|Any CPU.ActiveCfg = Debug|Any CPU
		{A486C499-6B38-475D-BF1C-CCDD699137FB}.Debug|Any CPU.Build.0 = Debug|Any CPU
		{A486C499-6B38-475D-BF1C-CCDD699137FB}.Debug|x64.ActiveCfg = Debug|Any CPU
		{A486C499-6B38-475D-BF1C-CCDD699137FB}.Debug|x64.Build.0 = Debug|Any CPU
		{A486C499-6B38-475D-BF1C-CCDD699137FB}.Debug|x86.ActiveCfg = Debug|Any CPU
		{A486C499-6B38-475D-BF1C-CCDD699137FB}.Debug|x86.Build.0 = Debug|Any CPU
		{A486C499-6B38-475D-BF1C-CCDD699137FB}.Release|Any CPU.ActiveCfg = Release|Any CPU
		{A486C499-6B38-475D-BF1C-CCDD699137FB}.Release|Any CPU.Build.0 = Release|Any CPU
		{A486C499-6B38-475D-BF1C-CCDD699137FB}.Release|x64.ActiveCfg = Release|Any CPU
		{A486C499-6B38-475D-BF1C-CCDD699137FB}.Release|x64.Build.0 = Release|Any CPU
		{A486C499-6B38-475D-BF1C-CCDD699137FB}.Release|x86.ActiveCfg = Release|Any CPU
		{A486C499-6B38-475D-BF1C-CCDD699137FB}.Release|x86.Build.0 = Release|Any CPU
		{62A6CF89-162D-175E-E662-7093F8A32B6E}.Debug|Any CPU.ActiveCfg = Debug|Any CPU
		{62A6CF89-162D-175E-E662-7093F8A32B6E}.Debug|Any CPU.Build.0 = Debug|Any CPU
		{62A6CF89-162D-175E-E662-7093F8A32B6E}.Debug|x64.ActiveCfg = Debug|Any CPU
		{62A6CF89-162D-175E-E662-7093F8A32B6E}.Debug|x64.Build.0 = Debug|Any CPU
		{62A6CF89-162D-175E-E662-7093F8A32B6E}.Debug|x86.ActiveCfg = Debug|Any CPU
		{62A6CF89-162D-175E-E662-7093F8A32B6E}.Debug|x86.Build.0 = Debug|Any CPU
		{62A6CF89-162D-175E-E662-7093F8A32B6E}.Release|Any CPU.ActiveCfg = Release|Any CPU
		{62A6CF89-162D-175E-E662-7093F8A32B6E}.Release|Any CPU.Build.0 = Release|Any CPU
		{62A6CF89-162D-175E-E662-7093F8A32B6E}.Release|x64.ActiveCfg = Release|Any CPU
		{62A6CF89-162D-175E-E662-7093F8A32B6E}.Release|x64.Build.0 = Release|Any CPU
		{62A6CF89-162D-175E-E662-7093F8A32B6E}.Release|x86.ActiveCfg = Release|Any CPU
		{62A6CF89-162D-175E-E662-7093F8A32B6E}.Release|x86.Build.0 = Release|Any CPU
		{2EFB104D-460D-47E2-B496-90BCF5A3DCDB}.Debug|Any CPU.ActiveCfg = Debug|Any CPU
		{2EFB104D-460D-47E2-B496-90BCF5A3DCDB}.Debug|Any CPU.Build.0 = Debug|Any CPU
		{2EFB104D-460D-47E2-B496-90BCF5A3DCDB}.Debug|x64.ActiveCfg = Debug|Any CPU
		{2EFB104D-460D-47E2-B496-90BCF5A3DCDB}.Debug|x64.Build.0 = Debug|Any CPU
		{2EFB104D-460D-47E2-B496-90BCF5A3DCDB}.Debug|x86.ActiveCfg = Debug|Any CPU
		{2EFB104D-460D-47E2-B496-90BCF5A3DCDB}.Debug|x86.Build.0 = Debug|Any CPU
		{2EFB104D-460D-47E2-B496-90BCF5A3DCDB}.Release|Any CPU.ActiveCfg = Release|Any CPU
		{2EFB104D-460D-47E2-B496-90BCF5A3DCDB}.Release|Any CPU.Build.0 = Release|Any CPU
		{2EFB104D-460D-47E2-B496-90BCF5A3DCDB}.Release|x64.ActiveCfg = Release|Any CPU
		{2EFB104D-460D-47E2-B496-90BCF5A3DCDB}.Release|x64.Build.0 = Release|Any CPU
		{2EFB104D-460D-47E2-B496-90BCF5A3DCDB}.Release|x86.ActiveCfg = Release|Any CPU
		{2EFB104D-460D-47E2-B496-90BCF5A3DCDB}.Release|x86.Build.0 = Release|Any CPU
		{2A1FF6C8-0918-40AD-A345-6078A68AC1B5}.Debug|Any CPU.ActiveCfg = Debug|Any CPU
		{2A1FF6C8-0918-40AD-A345-6078A68AC1B5}.Debug|Any CPU.Build.0 = Debug|Any CPU
		{2A1FF6C8-0918-40AD-A345-6078A68AC1B5}.Debug|x64.ActiveCfg = Debug|Any CPU
		{2A1FF6C8-0918-40AD-A345-6078A68AC1B5}.Debug|x64.Build.0 = Debug|Any CPU
		{2A1FF6C8-0918-40AD-A345-6078A68AC1B5}.Debug|x86.ActiveCfg = Debug|Any CPU
		{2A1FF6C8-0918-40AD-A345-6078A68AC1B5}.Debug|x86.Build.0 = Debug|Any CPU
		{2A1FF6C8-0918-40AD-A345-6078A68AC1B5}.Release|Any CPU.ActiveCfg = Release|Any CPU
		{2A1FF6C8-0918-40AD-A345-6078A68AC1B5}.Release|Any CPU.Build.0 = Release|Any CPU
		{2A1FF6C8-0918-40AD-A345-6078A68AC1B5}.Release|x64.ActiveCfg = Release|Any CPU
		{2A1FF6C8-0918-40AD-A345-6078A68AC1B5}.Release|x64.Build.0 = Release|Any CPU
		{2A1FF6C8-0918-40AD-A345-6078A68AC1B5}.Release|x86.ActiveCfg = Release|Any CPU
		{2A1FF6C8-0918-40AD-A345-6078A68AC1B5}.Release|x86.Build.0 = Release|Any CPU
		{55F44B59-1CB8-4EA7-B66D-43CBF0D06B16}.Debug|Any CPU.ActiveCfg = Debug|Any CPU
		{55F44B59-1CB8-4EA7-B66D-43CBF0D06B16}.Debug|Any CPU.Build.0 = Debug|Any CPU
		{55F44B59-1CB8-4EA7-B66D-43CBF0D06B16}.Debug|x64.ActiveCfg = Debug|Any CPU
		{55F44B59-1CB8-4EA7-B66D-43CBF0D06B16}.Debug|x64.Build.0 = Debug|Any CPU
		{55F44B59-1CB8-4EA7-B66D-43CBF0D06B16}.Debug|x86.ActiveCfg = Debug|Any CPU
		{55F44B59-1CB8-4EA7-B66D-43CBF0D06B16}.Debug|x86.Build.0 = Debug|Any CPU
		{55F44B59-1CB8-4EA7-B66D-43CBF0D06B16}.Release|Any CPU.ActiveCfg = Release|Any CPU
		{55F44B59-1CB8-4EA7-B66D-43CBF0D06B16}.Release|Any CPU.Build.0 = Release|Any CPU
		{55F44B59-1CB8-4EA7-B66D-43CBF0D06B16}.Release|x64.ActiveCfg = Release|Any CPU
		{55F44B59-1CB8-4EA7-B66D-43CBF0D06B16}.Release|x64.Build.0 = Release|Any CPU
		{55F44B59-1CB8-4EA7-B66D-43CBF0D06B16}.Release|x86.ActiveCfg = Release|Any CPU
		{55F44B59-1CB8-4EA7-B66D-43CBF0D06B16}.Release|x86.Build.0 = Release|Any CPU
		{B931AC32-D53E-41E1-BFBE-B887365C502C}.Debug|Any CPU.ActiveCfg = Debug|Any CPU
		{B931AC32-D53E-41E1-BFBE-B887365C502C}.Debug|Any CPU.Build.0 = Debug|Any CPU
		{B931AC32-D53E-41E1-BFBE-B887365C502C}.Debug|x64.ActiveCfg = Debug|Any CPU
		{B931AC32-D53E-41E1-BFBE-B887365C502C}.Debug|x64.Build.0 = Debug|Any CPU
		{B931AC32-D53E-41E1-BFBE-B887365C502C}.Debug|x86.ActiveCfg = Debug|Any CPU
		{B931AC32-D53E-41E1-BFBE-B887365C502C}.Debug|x86.Build.0 = Debug|Any CPU
		{B931AC32-D53E-41E1-BFBE-B887365C502C}.Release|Any CPU.ActiveCfg = Release|Any CPU
		{B931AC32-D53E-41E1-BFBE-B887365C502C}.Release|Any CPU.Build.0 = Release|Any CPU
		{B931AC32-D53E-41E1-BFBE-B887365C502C}.Release|x64.ActiveCfg = Release|Any CPU
		{B931AC32-D53E-41E1-BFBE-B887365C502C}.Release|x64.Build.0 = Release|Any CPU
		{B931AC32-D53E-41E1-BFBE-B887365C502C}.Release|x86.ActiveCfg = Release|Any CPU
		{B931AC32-D53E-41E1-BFBE-B887365C502C}.Release|x86.Build.0 = Release|Any CPU
		{976AEE57-E7D2-45FC-84D7-CEDBF66940FB}.Debug|Any CPU.ActiveCfg = Debug|Any CPU
		{976AEE57-E7D2-45FC-84D7-CEDBF66940FB}.Debug|Any CPU.Build.0 = Debug|Any CPU
		{976AEE57-E7D2-45FC-84D7-CEDBF66940FB}.Debug|x64.ActiveCfg = Debug|Any CPU
		{976AEE57-E7D2-45FC-84D7-CEDBF66940FB}.Debug|x64.Build.0 = Debug|Any CPU
		{976AEE57-E7D2-45FC-84D7-CEDBF66940FB}.Debug|x86.ActiveCfg = Debug|Any CPU
		{976AEE57-E7D2-45FC-84D7-CEDBF66940FB}.Debug|x86.Build.0 = Debug|Any CPU
		{976AEE57-E7D2-45FC-84D7-CEDBF66940FB}.Release|Any CPU.ActiveCfg = Release|Any CPU
		{976AEE57-E7D2-45FC-84D7-CEDBF66940FB}.Release|Any CPU.Build.0 = Release|Any CPU
		{976AEE57-E7D2-45FC-84D7-CEDBF66940FB}.Release|x64.ActiveCfg = Release|Any CPU
		{976AEE57-E7D2-45FC-84D7-CEDBF66940FB}.Release|x64.Build.0 = Release|Any CPU
		{976AEE57-E7D2-45FC-84D7-CEDBF66940FB}.Release|x86.ActiveCfg = Release|Any CPU
		{976AEE57-E7D2-45FC-84D7-CEDBF66940FB}.Release|x86.Build.0 = Release|Any CPU
		{DFCFC0FA-89EE-4A9F-8C9A-4002AAA77916}.Debug|Any CPU.ActiveCfg = Debug|Any CPU
		{DFCFC0FA-89EE-4A9F-8C9A-4002AAA77916}.Debug|Any CPU.Build.0 = Debug|Any CPU
		{DFCFC0FA-89EE-4A9F-8C9A-4002AAA77916}.Debug|x64.ActiveCfg = Debug|Any CPU
		{DFCFC0FA-89EE-4A9F-8C9A-4002AAA77916}.Debug|x64.Build.0 = Debug|Any CPU
		{DFCFC0FA-89EE-4A9F-8C9A-4002AAA77916}.Debug|x86.ActiveCfg = Debug|Any CPU
		{DFCFC0FA-89EE-4A9F-8C9A-4002AAA77916}.Debug|x86.Build.0 = Debug|Any CPU
		{DFCFC0FA-89EE-4A9F-8C9A-4002AAA77916}.Release|Any CPU.ActiveCfg = Release|Any CPU
		{DFCFC0FA-89EE-4A9F-8C9A-4002AAA77916}.Release|Any CPU.Build.0 = Release|Any CPU
		{DFCFC0FA-89EE-4A9F-8C9A-4002AAA77916}.Release|x64.ActiveCfg = Release|Any CPU
		{DFCFC0FA-89EE-4A9F-8C9A-4002AAA77916}.Release|x64.Build.0 = Release|Any CPU
		{DFCFC0FA-89EE-4A9F-8C9A-4002AAA77916}.Release|x86.ActiveCfg = Release|Any CPU
		{DFCFC0FA-89EE-4A9F-8C9A-4002AAA77916}.Release|x86.Build.0 = Release|Any CPU
		{E3D39B2C-CA82-D3C7-4195-DCD4ECA04B5C}.Debug|Any CPU.ActiveCfg = Debug|Any CPU
		{E3D39B2C-CA82-D3C7-4195-DCD4ECA04B5C}.Debug|Any CPU.Build.0 = Debug|Any CPU
		{E3D39B2C-CA82-D3C7-4195-DCD4ECA04B5C}.Debug|x64.ActiveCfg = Debug|Any CPU
		{E3D39B2C-CA82-D3C7-4195-DCD4ECA04B5C}.Debug|x64.Build.0 = Debug|Any CPU
		{E3D39B2C-CA82-D3C7-4195-DCD4ECA04B5C}.Debug|x86.ActiveCfg = Debug|Any CPU
		{E3D39B2C-CA82-D3C7-4195-DCD4ECA04B5C}.Debug|x86.Build.0 = Debug|Any CPU
		{E3D39B2C-CA82-D3C7-4195-DCD4ECA04B5C}.Release|Any CPU.ActiveCfg = Release|Any CPU
		{E3D39B2C-CA82-D3C7-4195-DCD4ECA04B5C}.Release|Any CPU.Build.0 = Release|Any CPU
		{E3D39B2C-CA82-D3C7-4195-DCD4ECA04B5C}.Release|x64.ActiveCfg = Release|Any CPU
		{E3D39B2C-CA82-D3C7-4195-DCD4ECA04B5C}.Release|x64.Build.0 = Release|Any CPU
		{E3D39B2C-CA82-D3C7-4195-DCD4ECA04B5C}.Release|x86.ActiveCfg = Release|Any CPU
		{E3D39B2C-CA82-D3C7-4195-DCD4ECA04B5C}.Release|x86.Build.0 = Release|Any CPU
		{3C167F8E-90B8-A920-CF37-1FE5FF863E19}.Debug|Any CPU.ActiveCfg = Debug|Any CPU
		{3C167F8E-90B8-A920-CF37-1FE5FF863E19}.Debug|Any CPU.Build.0 = Debug|Any CPU
		{3C167F8E-90B8-A920-CF37-1FE5FF863E19}.Debug|x64.ActiveCfg = Debug|Any CPU
		{3C167F8E-90B8-A920-CF37-1FE5FF863E19}.Debug|x64.Build.0 = Debug|Any CPU
		{3C167F8E-90B8-A920-CF37-1FE5FF863E19}.Debug|x86.ActiveCfg = Debug|Any CPU
		{3C167F8E-90B8-A920-CF37-1FE5FF863E19}.Debug|x86.Build.0 = Debug|Any CPU
		{3C167F8E-90B8-A920-CF37-1FE5FF863E19}.Release|Any CPU.ActiveCfg = Release|Any CPU
		{3C167F8E-90B8-A920-CF37-1FE5FF863E19}.Release|Any CPU.Build.0 = Release|Any CPU
		{3C167F8E-90B8-A920-CF37-1FE5FF863E19}.Release|x64.ActiveCfg = Release|Any CPU
		{3C167F8E-90B8-A920-CF37-1FE5FF863E19}.Release|x64.Build.0 = Release|Any CPU
		{3C167F8E-90B8-A920-CF37-1FE5FF863E19}.Release|x86.ActiveCfg = Release|Any CPU
		{3C167F8E-90B8-A920-CF37-1FE5FF863E19}.Release|x86.Build.0 = Release|Any CPU
		{D0CCC604-AE81-D182-579C-64617B978DA4}.Debug|Any CPU.ActiveCfg = Debug|Any CPU
		{D0CCC604-AE81-D182-579C-64617B978DA4}.Debug|Any CPU.Build.0 = Debug|Any CPU
		{D0CCC604-AE81-D182-579C-64617B978DA4}.Debug|x64.ActiveCfg = Debug|Any CPU
		{D0CCC604-AE81-D182-579C-64617B978DA4}.Debug|x64.Build.0 = Debug|Any CPU
		{D0CCC604-AE81-D182-579C-64617B978DA4}.Debug|x86.ActiveCfg = Debug|Any CPU
		{D0CCC604-AE81-D182-579C-64617B978DA4}.Debug|x86.Build.0 = Debug|Any CPU
		{D0CCC604-AE81-D182-579C-64617B978DA4}.Release|Any CPU.ActiveCfg = Release|Any CPU
		{D0CCC604-AE81-D182-579C-64617B978DA4}.Release|Any CPU.Build.0 = Release|Any CPU
		{D0CCC604-AE81-D182-579C-64617B978DA4}.Release|x64.ActiveCfg = Release|Any CPU
		{D0CCC604-AE81-D182-579C-64617B978DA4}.Release|x64.Build.0 = Release|Any CPU
		{D0CCC604-AE81-D182-579C-64617B978DA4}.Release|x86.ActiveCfg = Release|Any CPU
		{D0CCC604-AE81-D182-579C-64617B978DA4}.Release|x86.Build.0 = Release|Any CPU
		{05AECCA9-400C-122E-DF25-9014D996CCDA}.Debug|Any CPU.ActiveCfg = Debug|Any CPU
		{05AECCA9-400C-122E-DF25-9014D996CCDA}.Debug|Any CPU.Build.0 = Debug|Any CPU
		{05AECCA9-400C-122E-DF25-9014D996CCDA}.Debug|x64.ActiveCfg = Debug|Any CPU
		{05AECCA9-400C-122E-DF25-9014D996CCDA}.Debug|x64.Build.0 = Debug|Any CPU
		{05AECCA9-400C-122E-DF25-9014D996CCDA}.Debug|x86.ActiveCfg = Debug|Any CPU
		{05AECCA9-400C-122E-DF25-9014D996CCDA}.Debug|x86.Build.0 = Debug|Any CPU
		{05AECCA9-400C-122E-DF25-9014D996CCDA}.Release|Any CPU.ActiveCfg = Release|Any CPU
		{05AECCA9-400C-122E-DF25-9014D996CCDA}.Release|Any CPU.Build.0 = Release|Any CPU
		{05AECCA9-400C-122E-DF25-9014D996CCDA}.Release|x64.ActiveCfg = Release|Any CPU
		{05AECCA9-400C-122E-DF25-9014D996CCDA}.Release|x64.Build.0 = Release|Any CPU
		{05AECCA9-400C-122E-DF25-9014D996CCDA}.Release|x86.ActiveCfg = Release|Any CPU
		{05AECCA9-400C-122E-DF25-9014D996CCDA}.Release|x86.Build.0 = Release|Any CPU
		{89D0EA19-2B3C-E8E8-8F8D-EF5423B9360C}.Debug|Any CPU.ActiveCfg = Debug|Any CPU
		{89D0EA19-2B3C-E8E8-8F8D-EF5423B9360C}.Debug|Any CPU.Build.0 = Debug|Any CPU
		{89D0EA19-2B3C-E8E8-8F8D-EF5423B9360C}.Debug|x64.ActiveCfg = Debug|Any CPU
		{89D0EA19-2B3C-E8E8-8F8D-EF5423B9360C}.Debug|x64.Build.0 = Debug|Any CPU
		{89D0EA19-2B3C-E8E8-8F8D-EF5423B9360C}.Debug|x86.ActiveCfg = Debug|Any CPU
		{89D0EA19-2B3C-E8E8-8F8D-EF5423B9360C}.Debug|x86.Build.0 = Debug|Any CPU
		{89D0EA19-2B3C-E8E8-8F8D-EF5423B9360C}.Release|Any CPU.ActiveCfg = Release|Any CPU
		{89D0EA19-2B3C-E8E8-8F8D-EF5423B9360C}.Release|Any CPU.Build.0 = Release|Any CPU
		{89D0EA19-2B3C-E8E8-8F8D-EF5423B9360C}.Release|x64.ActiveCfg = Release|Any CPU
		{89D0EA19-2B3C-E8E8-8F8D-EF5423B9360C}.Release|x64.Build.0 = Release|Any CPU
		{89D0EA19-2B3C-E8E8-8F8D-EF5423B9360C}.Release|x86.ActiveCfg = Release|Any CPU
		{89D0EA19-2B3C-E8E8-8F8D-EF5423B9360C}.Release|x86.Build.0 = Release|Any CPU
		{F2092437-7C22-EDE1-2409-5B1AF0D40096}.Debug|Any CPU.ActiveCfg = Debug|Any CPU
		{F2092437-7C22-EDE1-2409-5B1AF0D40096}.Debug|Any CPU.Build.0 = Debug|Any CPU
		{F2092437-7C22-EDE1-2409-5B1AF0D40096}.Debug|x64.ActiveCfg = Debug|Any CPU
		{F2092437-7C22-EDE1-2409-5B1AF0D40096}.Debug|x64.Build.0 = Debug|Any CPU
		{F2092437-7C22-EDE1-2409-5B1AF0D40096}.Debug|x86.ActiveCfg = Debug|Any CPU
		{F2092437-7C22-EDE1-2409-5B1AF0D40096}.Debug|x86.Build.0 = Debug|Any CPU
		{F2092437-7C22-EDE1-2409-5B1AF0D40096}.Release|Any CPU.ActiveCfg = Release|Any CPU
		{F2092437-7C22-EDE1-2409-5B1AF0D40096}.Release|Any CPU.Build.0 = Release|Any CPU
		{F2092437-7C22-EDE1-2409-5B1AF0D40096}.Release|x64.ActiveCfg = Release|Any CPU
		{F2092437-7C22-EDE1-2409-5B1AF0D40096}.Release|x64.Build.0 = Release|Any CPU
		{F2092437-7C22-EDE1-2409-5B1AF0D40096}.Release|x86.ActiveCfg = Release|Any CPU
		{F2092437-7C22-EDE1-2409-5B1AF0D40096}.Release|x86.Build.0 = Release|Any CPU
		{C8A02D25-5DDA-1555-A3AE-30B97D2888BA}.Debug|Any CPU.ActiveCfg = Debug|Any CPU
		{C8A02D25-5DDA-1555-A3AE-30B97D2888BA}.Debug|Any CPU.Build.0 = Debug|Any CPU
		{C8A02D25-5DDA-1555-A3AE-30B97D2888BA}.Debug|x64.ActiveCfg = Debug|Any CPU
		{C8A02D25-5DDA-1555-A3AE-30B97D2888BA}.Debug|x64.Build.0 = Debug|Any CPU
		{C8A02D25-5DDA-1555-A3AE-30B97D2888BA}.Debug|x86.ActiveCfg = Debug|Any CPU
		{C8A02D25-5DDA-1555-A3AE-30B97D2888BA}.Debug|x86.Build.0 = Debug|Any CPU
		{C8A02D25-5DDA-1555-A3AE-30B97D2888BA}.Release|Any CPU.ActiveCfg = Release|Any CPU
		{C8A02D25-5DDA-1555-A3AE-30B97D2888BA}.Release|Any CPU.Build.0 = Release|Any CPU
		{C8A02D25-5DDA-1555-A3AE-30B97D2888BA}.Release|x64.ActiveCfg = Release|Any CPU
		{C8A02D25-5DDA-1555-A3AE-30B97D2888BA}.Release|x64.Build.0 = Release|Any CPU
		{C8A02D25-5DDA-1555-A3AE-30B97D2888BA}.Release|x86.ActiveCfg = Release|Any CPU
		{C8A02D25-5DDA-1555-A3AE-30B97D2888BA}.Release|x86.Build.0 = Release|Any CPU
		{C0269C9A-5132-F465-BF7D-2812EB6F88C8}.Debug|Any CPU.ActiveCfg = Debug|Any CPU
		{C0269C9A-5132-F465-BF7D-2812EB6F88C8}.Debug|Any CPU.Build.0 = Debug|Any CPU
		{C0269C9A-5132-F465-BF7D-2812EB6F88C8}.Debug|x64.ActiveCfg = Debug|Any CPU
		{C0269C9A-5132-F465-BF7D-2812EB6F88C8}.Debug|x64.Build.0 = Debug|Any CPU
		{C0269C9A-5132-F465-BF7D-2812EB6F88C8}.Debug|x86.ActiveCfg = Debug|Any CPU
		{C0269C9A-5132-F465-BF7D-2812EB6F88C8}.Debug|x86.Build.0 = Debug|Any CPU
		{C0269C9A-5132-F465-BF7D-2812EB6F88C8}.Release|Any CPU.ActiveCfg = Release|Any CPU
		{C0269C9A-5132-F465-BF7D-2812EB6F88C8}.Release|Any CPU.Build.0 = Release|Any CPU
		{C0269C9A-5132-F465-BF7D-2812EB6F88C8}.Release|x64.ActiveCfg = Release|Any CPU
		{C0269C9A-5132-F465-BF7D-2812EB6F88C8}.Release|x64.Build.0 = Release|Any CPU
		{C0269C9A-5132-F465-BF7D-2812EB6F88C8}.Release|x86.ActiveCfg = Release|Any CPU
		{C0269C9A-5132-F465-BF7D-2812EB6F88C8}.Release|x86.Build.0 = Release|Any CPU
		{EF0ABB8B-4689-49DC-E21C-1ED0D3346329}.Debug|Any CPU.ActiveCfg = Debug|Any CPU
		{EF0ABB8B-4689-49DC-E21C-1ED0D3346329}.Debug|Any CPU.Build.0 = Debug|Any CPU
		{EF0ABB8B-4689-49DC-E21C-1ED0D3346329}.Debug|x64.ActiveCfg = Debug|Any CPU
		{EF0ABB8B-4689-49DC-E21C-1ED0D3346329}.Debug|x64.Build.0 = Debug|Any CPU
		{EF0ABB8B-4689-49DC-E21C-1ED0D3346329}.Debug|x86.ActiveCfg = Debug|Any CPU
		{EF0ABB8B-4689-49DC-E21C-1ED0D3346329}.Debug|x86.Build.0 = Debug|Any CPU
		{EF0ABB8B-4689-49DC-E21C-1ED0D3346329}.Release|Any CPU.ActiveCfg = Release|Any CPU
		{EF0ABB8B-4689-49DC-E21C-1ED0D3346329}.Release|Any CPU.Build.0 = Release|Any CPU
		{EF0ABB8B-4689-49DC-E21C-1ED0D3346329}.Release|x64.ActiveCfg = Release|Any CPU
		{EF0ABB8B-4689-49DC-E21C-1ED0D3346329}.Release|x64.Build.0 = Release|Any CPU
		{EF0ABB8B-4689-49DC-E21C-1ED0D3346329}.Release|x86.ActiveCfg = Release|Any CPU
		{EF0ABB8B-4689-49DC-E21C-1ED0D3346329}.Release|x86.Build.0 = Release|Any CPU
		{14D8BC80-4EA3-49A8-B682-5F4393ACC5A8}.Debug|Any CPU.ActiveCfg = Debug|Any CPU
		{14D8BC80-4EA3-49A8-B682-5F4393ACC5A8}.Debug|Any CPU.Build.0 = Debug|Any CPU
		{14D8BC80-4EA3-49A8-B682-5F4393ACC5A8}.Debug|x64.ActiveCfg = Debug|Any CPU
		{14D8BC80-4EA3-49A8-B682-5F4393ACC5A8}.Debug|x64.Build.0 = Debug|Any CPU
		{14D8BC80-4EA3-49A8-B682-5F4393ACC5A8}.Debug|x86.ActiveCfg = Debug|Any CPU
		{14D8BC80-4EA3-49A8-B682-5F4393ACC5A8}.Debug|x86.Build.0 = Debug|Any CPU
		{14D8BC80-4EA3-49A8-B682-5F4393ACC5A8}.Release|Any CPU.ActiveCfg = Release|Any CPU
		{14D8BC80-4EA3-49A8-B682-5F4393ACC5A8}.Release|Any CPU.Build.0 = Release|Any CPU
		{14D8BC80-4EA3-49A8-B682-5F4393ACC5A8}.Release|x64.ActiveCfg = Release|Any CPU
		{14D8BC80-4EA3-49A8-B682-5F4393ACC5A8}.Release|x64.Build.0 = Release|Any CPU
		{14D8BC80-4EA3-49A8-B682-5F4393ACC5A8}.Release|x86.ActiveCfg = Release|Any CPU
		{14D8BC80-4EA3-49A8-B682-5F4393ACC5A8}.Release|x86.Build.0 = Release|Any CPU
		{1DE2CE5D-FDAF-4635-3979-59E944AAB74D}.Debug|Any CPU.ActiveCfg = Debug|Any CPU
		{1DE2CE5D-FDAF-4635-3979-59E944AAB74D}.Debug|Any CPU.Build.0 = Debug|Any CPU
		{1DE2CE5D-FDAF-4635-3979-59E944AAB74D}.Debug|x64.ActiveCfg = Debug|Any CPU
		{1DE2CE5D-FDAF-4635-3979-59E944AAB74D}.Debug|x64.Build.0 = Debug|Any CPU
		{1DE2CE5D-FDAF-4635-3979-59E944AAB74D}.Debug|x86.ActiveCfg = Debug|Any CPU
		{1DE2CE5D-FDAF-4635-3979-59E944AAB74D}.Debug|x86.Build.0 = Debug|Any CPU
		{1DE2CE5D-FDAF-4635-3979-59E944AAB74D}.Release|Any CPU.ActiveCfg = Release|Any CPU
		{1DE2CE5D-FDAF-4635-3979-59E944AAB74D}.Release|Any CPU.Build.0 = Release|Any CPU
		{1DE2CE5D-FDAF-4635-3979-59E944AAB74D}.Release|x64.ActiveCfg = Release|Any CPU
		{1DE2CE5D-FDAF-4635-3979-59E944AAB74D}.Release|x64.Build.0 = Release|Any CPU
		{1DE2CE5D-FDAF-4635-3979-59E944AAB74D}.Release|x86.ActiveCfg = Release|Any CPU
		{1DE2CE5D-FDAF-4635-3979-59E944AAB74D}.Release|x86.Build.0 = Release|Any CPU
		{F5799313-3B89-2400-BD30-A8DAE615EA75}.Debug|Any CPU.ActiveCfg = Debug|Any CPU
		{F5799313-3B89-2400-BD30-A8DAE615EA75}.Debug|Any CPU.Build.0 = Debug|Any CPU
		{F5799313-3B89-2400-BD30-A8DAE615EA75}.Debug|x64.ActiveCfg = Debug|Any CPU
		{F5799313-3B89-2400-BD30-A8DAE615EA75}.Debug|x64.Build.0 = Debug|Any CPU
		{F5799313-3B89-2400-BD30-A8DAE615EA75}.Debug|x86.ActiveCfg = Debug|Any CPU
		{F5799313-3B89-2400-BD30-A8DAE615EA75}.Debug|x86.Build.0 = Debug|Any CPU
		{F5799313-3B89-2400-BD30-A8DAE615EA75}.Release|Any CPU.ActiveCfg = Release|Any CPU
		{F5799313-3B89-2400-BD30-A8DAE615EA75}.Release|Any CPU.Build.0 = Release|Any CPU
		{F5799313-3B89-2400-BD30-A8DAE615EA75}.Release|x64.ActiveCfg = Release|Any CPU
		{F5799313-3B89-2400-BD30-A8DAE615EA75}.Release|x64.Build.0 = Release|Any CPU
		{F5799313-3B89-2400-BD30-A8DAE615EA75}.Release|x86.ActiveCfg = Release|Any CPU
		{F5799313-3B89-2400-BD30-A8DAE615EA75}.Release|x86.Build.0 = Release|Any CPU
		{B82BD05E-2C48-248A-6867-98A0C96A430E}.Debug|Any CPU.ActiveCfg = Debug|Any CPU
		{B82BD05E-2C48-248A-6867-98A0C96A430E}.Debug|Any CPU.Build.0 = Debug|Any CPU
		{B82BD05E-2C48-248A-6867-98A0C96A430E}.Debug|x64.ActiveCfg = Debug|Any CPU
		{B82BD05E-2C48-248A-6867-98A0C96A430E}.Debug|x64.Build.0 = Debug|Any CPU
		{B82BD05E-2C48-248A-6867-98A0C96A430E}.Debug|x86.ActiveCfg = Debug|Any CPU
		{B82BD05E-2C48-248A-6867-98A0C96A430E}.Debug|x86.Build.0 = Debug|Any CPU
		{B82BD05E-2C48-248A-6867-98A0C96A430E}.Release|Any CPU.ActiveCfg = Release|Any CPU
		{B82BD05E-2C48-248A-6867-98A0C96A430E}.Release|Any CPU.Build.0 = Release|Any CPU
		{B82BD05E-2C48-248A-6867-98A0C96A430E}.Release|x64.ActiveCfg = Release|Any CPU
		{B82BD05E-2C48-248A-6867-98A0C96A430E}.Release|x64.Build.0 = Release|Any CPU
		{B82BD05E-2C48-248A-6867-98A0C96A430E}.Release|x86.ActiveCfg = Release|Any CPU
		{B82BD05E-2C48-248A-6867-98A0C96A430E}.Release|x86.Build.0 = Release|Any CPU
		{FB18058A-FB29-4179-A6AB-5E3BFCFE4830}.Debug|Any CPU.ActiveCfg = Debug|Any CPU
		{FB18058A-FB29-4179-A6AB-5E3BFCFE4830}.Debug|Any CPU.Build.0 = Debug|Any CPU
		{FB18058A-FB29-4179-A6AB-5E3BFCFE4830}.Debug|x64.ActiveCfg = Debug|Any CPU
		{FB18058A-FB29-4179-A6AB-5E3BFCFE4830}.Debug|x64.Build.0 = Debug|Any CPU
		{FB18058A-FB29-4179-A6AB-5E3BFCFE4830}.Debug|x86.ActiveCfg = Debug|Any CPU
		{FB18058A-FB29-4179-A6AB-5E3BFCFE4830}.Debug|x86.Build.0 = Debug|Any CPU
		{FB18058A-FB29-4179-A6AB-5E3BFCFE4830}.Release|Any CPU.ActiveCfg = Release|Any CPU
		{FB18058A-FB29-4179-A6AB-5E3BFCFE4830}.Release|Any CPU.Build.0 = Release|Any CPU
		{FB18058A-FB29-4179-A6AB-5E3BFCFE4830}.Release|x64.ActiveCfg = Release|Any CPU
		{FB18058A-FB29-4179-A6AB-5E3BFCFE4830}.Release|x64.Build.0 = Release|Any CPU
		{FB18058A-FB29-4179-A6AB-5E3BFCFE4830}.Release|x86.ActiveCfg = Release|Any CPU
		{FB18058A-FB29-4179-A6AB-5E3BFCFE4830}.Release|x86.Build.0 = Release|Any CPU
		{8F2BF73F-0FF5-4CEA-C318-BD8AE1771E52}.Debug|Any CPU.ActiveCfg = Debug|Any CPU
		{8F2BF73F-0FF5-4CEA-C318-BD8AE1771E52}.Debug|Any CPU.Build.0 = Debug|Any CPU
		{8F2BF73F-0FF5-4CEA-C318-BD8AE1771E52}.Debug|x64.ActiveCfg = Debug|Any CPU
		{8F2BF73F-0FF5-4CEA-C318-BD8AE1771E52}.Debug|x64.Build.0 = Debug|Any CPU
		{8F2BF73F-0FF5-4CEA-C318-BD8AE1771E52}.Debug|x86.ActiveCfg = Debug|Any CPU
		{8F2BF73F-0FF5-4CEA-C318-BD8AE1771E52}.Debug|x86.Build.0 = Debug|Any CPU
		{8F2BF73F-0FF5-4CEA-C318-BD8AE1771E52}.Release|Any CPU.ActiveCfg = Release|Any CPU
		{8F2BF73F-0FF5-4CEA-C318-BD8AE1771E52}.Release|Any CPU.Build.0 = Release|Any CPU
		{8F2BF73F-0FF5-4CEA-C318-BD8AE1771E52}.Release|x64.ActiveCfg = Release|Any CPU
		{8F2BF73F-0FF5-4CEA-C318-BD8AE1771E52}.Release|x64.Build.0 = Release|Any CPU
		{8F2BF73F-0FF5-4CEA-C318-BD8AE1771E52}.Release|x86.ActiveCfg = Release|Any CPU
		{8F2BF73F-0FF5-4CEA-C318-BD8AE1771E52}.Release|x86.Build.0 = Release|Any CPU
		{22CEAD7A-DCBC-1344-F676-442DAD0AF8D9}.Debug|Any CPU.ActiveCfg = Debug|Any CPU
		{22CEAD7A-DCBC-1344-F676-442DAD0AF8D9}.Debug|Any CPU.Build.0 = Debug|Any CPU
		{22CEAD7A-DCBC-1344-F676-442DAD0AF8D9}.Debug|x64.ActiveCfg = Debug|Any CPU
		{22CEAD7A-DCBC-1344-F676-442DAD0AF8D9}.Debug|x64.Build.0 = Debug|Any CPU
		{22CEAD7A-DCBC-1344-F676-442DAD0AF8D9}.Debug|x86.ActiveCfg = Debug|Any CPU
		{22CEAD7A-DCBC-1344-F676-442DAD0AF8D9}.Debug|x86.Build.0 = Debug|Any CPU
		{22CEAD7A-DCBC-1344-F676-442DAD0AF8D9}.Release|Any CPU.ActiveCfg = Release|Any CPU
		{22CEAD7A-DCBC-1344-F676-442DAD0AF8D9}.Release|Any CPU.Build.0 = Release|Any CPU
		{22CEAD7A-DCBC-1344-F676-442DAD0AF8D9}.Release|x64.ActiveCfg = Release|Any CPU
		{22CEAD7A-DCBC-1344-F676-442DAD0AF8D9}.Release|x64.Build.0 = Release|Any CPU
		{22CEAD7A-DCBC-1344-F676-442DAD0AF8D9}.Release|x86.ActiveCfg = Release|Any CPU
		{22CEAD7A-DCBC-1344-F676-442DAD0AF8D9}.Release|x86.Build.0 = Release|Any CPU
		{0D7F0312-C8F0-1939-C6FA-2F63EC895331}.Debug|Any CPU.ActiveCfg = Debug|Any CPU
		{0D7F0312-C8F0-1939-C6FA-2F63EC895331}.Debug|Any CPU.Build.0 = Debug|Any CPU
		{0D7F0312-C8F0-1939-C6FA-2F63EC895331}.Debug|x64.ActiveCfg = Debug|Any CPU
		{0D7F0312-C8F0-1939-C6FA-2F63EC895331}.Debug|x64.Build.0 = Debug|Any CPU
		{0D7F0312-C8F0-1939-C6FA-2F63EC895331}.Debug|x86.ActiveCfg = Debug|Any CPU
		{0D7F0312-C8F0-1939-C6FA-2F63EC895331}.Debug|x86.Build.0 = Debug|Any CPU
		{0D7F0312-C8F0-1939-C6FA-2F63EC895331}.Release|Any CPU.ActiveCfg = Release|Any CPU
		{0D7F0312-C8F0-1939-C6FA-2F63EC895331}.Release|Any CPU.Build.0 = Release|Any CPU
		{0D7F0312-C8F0-1939-C6FA-2F63EC895331}.Release|x64.ActiveCfg = Release|Any CPU
		{0D7F0312-C8F0-1939-C6FA-2F63EC895331}.Release|x64.Build.0 = Release|Any CPU
		{0D7F0312-C8F0-1939-C6FA-2F63EC895331}.Release|x86.ActiveCfg = Release|Any CPU
		{0D7F0312-C8F0-1939-C6FA-2F63EC895331}.Release|x86.Build.0 = Release|Any CPU
		{6E7B3C66-7423-D5DB-C9F0-63D404CE8A4F}.Debug|Any CPU.ActiveCfg = Debug|Any CPU
		{6E7B3C66-7423-D5DB-C9F0-63D404CE8A4F}.Debug|Any CPU.Build.0 = Debug|Any CPU
		{6E7B3C66-7423-D5DB-C9F0-63D404CE8A4F}.Debug|x64.ActiveCfg = Debug|Any CPU
		{6E7B3C66-7423-D5DB-C9F0-63D404CE8A4F}.Debug|x64.Build.0 = Debug|Any CPU
		{6E7B3C66-7423-D5DB-C9F0-63D404CE8A4F}.Debug|x86.ActiveCfg = Debug|Any CPU
		{6E7B3C66-7423-D5DB-C9F0-63D404CE8A4F}.Debug|x86.Build.0 = Debug|Any CPU
		{6E7B3C66-7423-D5DB-C9F0-63D404CE8A4F}.Release|Any CPU.ActiveCfg = Release|Any CPU
		{6E7B3C66-7423-D5DB-C9F0-63D404CE8A4F}.Release|Any CPU.Build.0 = Release|Any CPU
		{6E7B3C66-7423-D5DB-C9F0-63D404CE8A4F}.Release|x64.ActiveCfg = Release|Any CPU
		{6E7B3C66-7423-D5DB-C9F0-63D404CE8A4F}.Release|x64.Build.0 = Release|Any CPU
		{6E7B3C66-7423-D5DB-C9F0-63D404CE8A4F}.Release|x86.ActiveCfg = Release|Any CPU
		{6E7B3C66-7423-D5DB-C9F0-63D404CE8A4F}.Release|x86.Build.0 = Release|Any CPU
		{D0BDEBAF-3313-C183-A826-C93B4DC140E4}.Debug|Any CPU.ActiveCfg = Debug|Any CPU
		{D0BDEBAF-3313-C183-A826-C93B4DC140E4}.Debug|Any CPU.Build.0 = Debug|Any CPU
		{D0BDEBAF-3313-C183-A826-C93B4DC140E4}.Debug|x64.ActiveCfg = Debug|Any CPU
		{D0BDEBAF-3313-C183-A826-C93B4DC140E4}.Debug|x64.Build.0 = Debug|Any CPU
		{D0BDEBAF-3313-C183-A826-C93B4DC140E4}.Debug|x86.ActiveCfg = Debug|Any CPU
		{D0BDEBAF-3313-C183-A826-C93B4DC140E4}.Debug|x86.Build.0 = Debug|Any CPU
		{D0BDEBAF-3313-C183-A826-C93B4DC140E4}.Release|Any CPU.ActiveCfg = Release|Any CPU
		{D0BDEBAF-3313-C183-A826-C93B4DC140E4}.Release|Any CPU.Build.0 = Release|Any CPU
		{D0BDEBAF-3313-C183-A826-C93B4DC140E4}.Release|x64.ActiveCfg = Release|Any CPU
		{D0BDEBAF-3313-C183-A826-C93B4DC140E4}.Release|x64.Build.0 = Release|Any CPU
		{D0BDEBAF-3313-C183-A826-C93B4DC140E4}.Release|x86.ActiveCfg = Release|Any CPU
		{D0BDEBAF-3313-C183-A826-C93B4DC140E4}.Release|x86.Build.0 = Release|Any CPU
	EndGlobalSection
	GlobalSection(SolutionProperties) = preSolution
		HideSolutionNode = FALSE
	EndGlobalSection
	GlobalSection(NestedProjects) = preSolution
		{67D8D548-B20C-42C4-862F-B290CE04FDBE} = {137DF00C-87DC-4EBC-84D8-0EB584E57F91}
		{89FF56B2-A52D-44D0-897B-55DD6D822887} = {18327ADF-23FD-4B67-BBD1-38043FE41435}
		{D37A6432-5AB0-47D9-A575-972421F5C598} = {41543B92-12D1-4956-8D0C-C3DEB7B574AF}
		{BD033F1B-D4B9-47EB-894F-6A786D379417} = {41543B92-12D1-4956-8D0C-C3DEB7B574AF}
		{3CBC1D3D-516D-4F17-A32A-9B01586EF3B5} = {41543B92-12D1-4956-8D0C-C3DEB7B574AF}
		{0341F21E-E0B8-42EE-8154-209B7C59DAB6} = {137DF00C-87DC-4EBC-84D8-0EB584E57F91}
		{F91288AD-9E19-4E5B-8003-DBA0EC439D0D} = {18327ADF-23FD-4B67-BBD1-38043FE41435}
		{A486C499-6B38-475D-BF1C-CCDD699137FB} = {D4045A51-337D-4B3C-8A9E-27BB23D3716E}
		{62A6CF89-162D-175E-E662-7093F8A32B6E} = {F52396D5-00FB-46F9-AFBD-1CF59CD2AE4E}
		{2EFB104D-460D-47E2-B496-90BCF5A3DCDB} = {41543B92-12D1-4956-8D0C-C3DEB7B574AF}
		{2A1FF6C8-0918-40AD-A345-6078A68AC1B5} = {18327ADF-23FD-4B67-BBD1-38043FE41435}
		{55F44B59-1CB8-4EA7-B66D-43CBF0D06B16} = {41543B92-12D1-4956-8D0C-C3DEB7B574AF}
		{B931AC32-D53E-41E1-BFBE-B887365C502C} = {18327ADF-23FD-4B67-BBD1-38043FE41435}
		{976AEE57-E7D2-45FC-84D7-CEDBF66940FB} = {41543B92-12D1-4956-8D0C-C3DEB7B574AF}
		{DFCFC0FA-89EE-4A9F-8C9A-4002AAA77916} = {41543B92-12D1-4956-8D0C-C3DEB7B574AF}
		{E3D39B2C-CA82-D3C7-4195-DCD4ECA04B5C} = {41543B92-12D1-4956-8D0C-C3DEB7B574AF}
		{3C167F8E-90B8-A920-CF37-1FE5FF863E19} = {41543B92-12D1-4956-8D0C-C3DEB7B574AF}
		{05AECCA9-400C-122E-DF25-9014D996CCDA} = {D4045A51-337D-4B3C-8A9E-27BB23D3716E}
		{89D0EA19-2B3C-E8E8-8F8D-EF5423B9360C} = {F52396D5-00FB-46F9-AFBD-1CF59CD2AE4E}
		{F2092437-7C22-EDE1-2409-5B1AF0D40096} = {137DF00C-87DC-4EBC-84D8-0EB584E57F91}
		{C8A02D25-5DDA-1555-A3AE-30B97D2888BA} = {18327ADF-23FD-4B67-BBD1-38043FE41435}
		{C0269C9A-5132-F465-BF7D-2812EB6F88C8} = {41543B92-12D1-4956-8D0C-C3DEB7B574AF}
		{EF0ABB8B-4689-49DC-E21C-1ED0D3346329} = {137DF00C-87DC-4EBC-84D8-0EB584E57F91}
		{14D8BC80-4EA3-49A8-B682-5F4393ACC5A8} = {02EA681E-C7D8-13C7-8484-4AC65E1B71E8}
		{1DE2CE5D-FDAF-4635-3979-59E944AAB74D} = {18327ADF-23FD-4B67-BBD1-38043FE41435}
		{F5799313-3B89-2400-BD30-A8DAE615EA75} = {02EA681E-C7D8-13C7-8484-4AC65E1B71E8}
		{B82BD05E-2C48-248A-6867-98A0C96A430E} = {F52396D5-00FB-46F9-AFBD-1CF59CD2AE4E}
		{FB18058A-FB29-4179-A6AB-5E3BFCFE4830} = {02EA681E-C7D8-13C7-8484-4AC65E1B71E8}
		{8F2BF73F-0FF5-4CEA-C318-BD8AE1771E52} = {02EA681E-C7D8-13C7-8484-4AC65E1B71E8}
		{22CEAD7A-DCBC-1344-F676-442DAD0AF8D9} = {02EA681E-C7D8-13C7-8484-4AC65E1B71E8}
		{0D7F0312-C8F0-1939-C6FA-2F63EC895331} = {02EA681E-C7D8-13C7-8484-4AC65E1B71E8}
		{6E7B3C66-7423-D5DB-C9F0-63D404CE8A4F} = {18327ADF-23FD-4B67-BBD1-38043FE41435}
		{D0BDEBAF-3313-C183-A826-C93B4DC140E4} = {02EA681E-C7D8-13C7-8484-4AC65E1B71E8}
	EndGlobalSection
	GlobalSection(ExtensibilityGlobals) = postSolution
		SolutionGuid = {61DDF856-8DAB-48DA-B9CA-ADCD419D66E8}
	EndGlobalSection
EndGlobal
