
Microsoft Visual Studio Solution File, Format Version 12.00
# Visual Studio Version 17
VisualStudioVersion = 17.0.31919.166
MinimumVisualStudioVersion = 10.0.40219.1
Project("{9A19103F-16F7-4668-BE54-9A1E7A4F7556}") = "iCode.AutomizedFeedingTest", "iCode.AutomizedFeedingTest\iCode.AutomizedFeedingTest.csproj", "{CE96FD76-235F-4FA2-BD9D-21B6341E4AE0}"
EndProject
Project("{9A19103F-16F7-4668-BE54-9A1E7A4F7556}") = "iCode.Framework.AutomizedFeeding", "iCode.Framework.AutomizedFeeding\iCode.Framework.AutomizedFeeding.csproj", "{99C9A70D-D93E-409B-9191-BEFB0E869A21}"
EndProject
Project("{9A19103F-16F7-4668-BE54-9A1E7A4F7556}") = "iCode.Framework.UnixStyleArgsFiller", "iCode.Framework.UnixStyleArgsFiller\iCode.Framework.UnixStyleArgsFiller.csproj", "{CC7EF0A3-437A-47F2-BA7A-50557204CAA7}"
EndProject
Project("{9A19103F-16F7-4668-BE54-9A1E7A4F7556}") = "iCode.Framework", "iCode.Framework\iCode.Framework.csproj", "{D6E1ADBD-F3CF-421F-B347-B07AAC1745B1}"
EndProject
Project("{9A19103F-16F7-4668-BE54-9A1E7A4F7556}") = "iCode.ElementaryBlocksTest", "iCode.ElementaryBlocksTest\iCode.ElementaryBlocksTest.csproj", "{C1F0A124-D677-4BA7-9C54-08C286AD07EA}"
EndProject
Project("{2150E333-8FDC-42A3-9474-1A3956D46DE8}") = "iCode.Extensions", "iCode.Extensions", "{41543B92-12D1-4956-8D0C-C3DEB7B574AF}"
EndProject
Project("{2150E333-8FDC-42A3-9474-1A3956D46DE8}") = "Tests", "Tests", "{AD7F522C-E282-4AC3-A8A7-73AD5C727F65}"
EndProject
Project("{9A19103F-16F7-4668-BE54-9A1E7A4F7556}") = "iCode.FilePathTest", "iCode.FilePathTest\iCode.FilePathTest.csproj", "{2F7E7ED6-E66D-4620-B586-E929BF6ABB93}"
EndProject
Project("{9A19103F-16F7-4668-BE54-9A1E7A4F7556}") = "iCode.ScheduleCallTest", "iCode.ScheduleCallTest\iCode.ScheduleCallTest.csproj", "{570A1ED6-8C9B-4899-9103-DC8A933BC459}"
EndProject
Project("{2150E333-8FDC-42A3-9474-1A3956D46DE8}") = "iCode.Framework", "iCode.Framework", "{18327ADF-23FD-4B67-BBD1-38043FE41435}"
EndProject
Project("{9A19103F-16F7-4668-BE54-9A1E7A4F7556}") = "iCode.UnixStyleArgsFillerTest", "iCode.UnixStyleArgsFillerTest\iCode.UnixStyleArgsFillerTest.csproj", "{CD19EB6B-49B2-4571-A4D9-82F7FA24F9B8}"
EndProject
Project("{9A19103F-16F7-4668-BE54-9A1E7A4F7556}") = "iCode.NewObjectsParsingTest", "iCode.NewObjectsParsingTest\iCode.NewObjectsParsingTest.csproj", "{5DD1427C-FE6A-4739-A4F3-78A9BA22DF52}"
EndProject
Project("{9A19103F-16F7-4668-BE54-9A1E7A4F7556}") = "iCode.Framework.WatchedValueWrapper", "iCode.Framework.WatchedValue\iCode.Framework.WatchedValueWrapper.csproj", "{67D8D548-B20C-42C4-862F-B290CE04FDBE}"
EndProject
Project("{9A19103F-16F7-4668-BE54-9A1E7A4F7556}") = "iCode.Framework.ConditionalAction", "iCode.Framework.ConditionalAction\iCode.Framework.ConditionalAction.csproj", "{A0D988BF-E4D6-4329-9FF9-BE8CFAB809B5}"
EndProject
Project("{9A19103F-16F7-4668-BE54-9A1E7A4F7556}") = "iCode.Framework.UnixParamsStyleApp", "iCode.Framework.UnixParamsStyleApp\iCode.Framework.UnixParamsStyleApp.csproj", "{B0BA6A0B-EFFB-4BEB-80DA-E70897EA6FD2}"
EndProject
Project("{9A19103F-16F7-4668-BE54-9A1E7A4F7556}") = "iCode.Logger", "iCode.Logger\iCode.Logger.csproj", "{72538AFD-601F-4FD1-8C7E-3F6CB15FC2BF}"
EndProject
Project("{9A19103F-16F7-4668-BE54-9A1E7A4F7556}") = "iCode.Logger.UsageExamples", "iCode.Logger.UsageExamples\iCode.Logger.UsageExamples.csproj", "{19A9DE01-2BC2-40C8-80C4-7EE16AD16C5D}"
EndProject
Project("{9A19103F-16F7-4668-BE54-9A1E7A4F7556}") = "iCode.Framework.FilePath", "iCode.Framework.FilePath\iCode.Framework.FilePath.csproj", "{C8C3C0A1-3870-4DDE-BE5E-A55F2B1748B3}"
EndProject
Project("{2150E333-8FDC-42A3-9474-1A3956D46DE8}") = "iCode.Logger", "iCode.Logger", "{F52396D5-00FB-46F9-AFBD-1CF59CD2AE4E}"
EndProject
Project("{9A19103F-16F7-4668-BE54-9A1E7A4F7556}") = "iCode.Framework.Syntaxi", "iCode.Syntaxi\iCode.Framework.Syntaxi.csproj", "{3456EF1A-EF40-48AC-AF61-EB4313CF8B28}"
EndProject
Project("{9A19103F-16F7-4668-BE54-9A1E7A4F7556}") = "icode.Framework.CriteriasEvaluator", "icode.Framework.CriteriasEvaluator\icode.Framework.CriteriasEvaluator.csproj", "{D3188A5C-9697-4E1F-9C58-FB3CA493FA65}"
EndProject
Project("{9A19103F-16F7-4668-BE54-9A1E7A4F7556}") = "iCode.Framework.Guard", "iCode.Framework.Guard\iCode.Framework.Guard.csproj", "{89FF56B2-A52D-44D0-897B-55DD6D822887}"
EndProject
Project("{9A19103F-16F7-4668-BE54-9A1E7A4F7556}") = "iCode.Extensions.FileExtensions", "iCode.Extensions.Path\iCode.Extensions.FileExtensions.csproj", "{48C09310-2141-4315-B319-D21E36D6267B}"
EndProject
Project("{9A19103F-16F7-4668-BE54-9A1E7A4F7556}") = "iCode.Framework.EnumerableLines.UsageExamples", "iCode.Framework.EnumerableLines.UsageExamples\iCode.Framework.EnumerableLines.UsageExamples.csproj", "{D6A0A73D-4F8B-4CAF-8A00-1D0978DD832F}"
EndProject
Project("{9A19103F-16F7-4668-BE54-9A1E7A4F7556}") = "iCode.Framework.AsyncEnumerable", "iCode.Framework.AsyncEnumerable\iCode.Framework.AsyncEnumerable.csproj", "{F0EE9D86-E91D-4B4A-BA08-D8DDCC3A14F8}"
EndProject
Project("{9A19103F-16F7-4668-BE54-9A1E7A4F7556}") = "iCode.Extensions.IntExtensions", "iCode.Extensions.IntExtensions\iCode.Extensions.IntExtensions.csproj", "{D37A6432-5AB0-47D9-A575-972421F5C598}"
EndProject
Project("{9A19103F-16F7-4668-BE54-9A1E7A4F7556}") = "iCode.Extensions.NewObjectsParsing", "iCode.Extensions.NewObjectsParsing\iCode.Extensions.NewObjectsParsing.csproj", "{32BA10BA-FCBF-4F09-A245-CC9A6DDD10B2}"
EndProject
Project("{9A19103F-16F7-4668-BE54-9A1E7A4F7556}") = "iCode.Extensions.ObjectMadeFeedable", "iCode.Extensions.ObjectMadeFeedable\iCode.Extensions.ObjectMadeFeedable.csproj", "{24C5A0F2-DABE-40F9-9C4C-80E060E57E59}"
EndProject
Project("{9A19103F-16F7-4668-BE54-9A1E7A4F7556}") = "iCode.Extentions.StreamReaderExtensions", "iCode.Extensions.StreamReaderExtensions\iCode.Extentions.StreamReaderExtensions.csproj", "{3D90DA70-7FEC-48C2-ACBF-32E884733651}"
EndProject
Project("{9A19103F-16F7-4668-BE54-9A1E7A4F7556}") = "iCode.Extentions.StringExtensions", "iCode.Extensions.StringExtensions\iCode.Extentions.StringExtensions.csproj", "{BD033F1B-D4B9-47EB-894F-6A786D379417}"
EndProject
Project("{9A19103F-16F7-4668-BE54-9A1E7A4F7556}") = "iCode.Extensions.InvokePrivateMethod", "iCode.Extensions.ObjecExtensions.InvokePrivateMethod\iCode.Extensions.InvokePrivateMethod.csproj", "{1DA0725D-52AC-4A8F-862E-602E7EC79D2C}"
EndProject
Project("{9A19103F-16F7-4668-BE54-9A1E7A4F7556}") = "iCode.Extensions.IEnumerableExtensions", "iCode.Extensions.IEnumerableExtensions\iCode.Extensions.IEnumerableExtensions.csproj", "{BE1871AE-06AC-4A0E-8CCA-95837C044B6E}"
EndProject
Project("{9A19103F-16F7-4668-BE54-9A1E7A4F7556}") = "iCode.IEnumerableExtentionsTest", "iCode.Extensions.IEnumerableExtensionsTest\iCode.IEnumerableExtentionsTest.csproj", "{49A1721F-4D01-496E-A923-2D3000D5E821}"
EndProject
Project("{FAE04EC0-301F-11D3-BF4B-00C04F79EFBC}") = "iCode.IEnumerableExtensions.UsageExamples", "iCode.IEnumerableExtensions.UsageExamples\iCode.IEnumerableExtensions.UsageExamples.csproj", "{C55BFEB7-D40E-45CA-8BCD-C755ADF53D52}"
EndProject
Project("{FAE04EC0-301F-11D3-BF4B-00C04F79EFBC}") = "iCode.Test.Tools", "iCode.Test.Tools\iCode.Test.Tools.csproj", "{0F9531FF-C6FA-4113-AEC9-5FCAC57A52D4}"
EndProject
Global
	GlobalSection(SolutionConfigurationPlatforms) = preSolution
		Debug|Any CPU = Debug|Any CPU
		Release|Any CPU = Release|Any CPU
	EndGlobalSection
	GlobalSection(ProjectConfigurationPlatforms) = postSolution
		{CE96FD76-235F-4FA2-BD9D-21B6341E4AE0}.Debug|Any CPU.ActiveCfg = Debug|Any CPU
		{CE96FD76-235F-4FA2-BD9D-21B6341E4AE0}.Debug|Any CPU.Build.0 = Debug|Any CPU
		{CE96FD76-235F-4FA2-BD9D-21B6341E4AE0}.Release|Any CPU.ActiveCfg = Release|Any CPU
		{CE96FD76-235F-4FA2-BD9D-21B6341E4AE0}.Release|Any CPU.Build.0 = Release|Any CPU
		{99C9A70D-D93E-409B-9191-BEFB0E869A21}.Debug|Any CPU.ActiveCfg = Debug|Any CPU
		{99C9A70D-D93E-409B-9191-BEFB0E869A21}.Debug|Any CPU.Build.0 = Debug|Any CPU
		{99C9A70D-D93E-409B-9191-BEFB0E869A21}.Release|Any CPU.ActiveCfg = Release|Any CPU
		{99C9A70D-D93E-409B-9191-BEFB0E869A21}.Release|Any CPU.Build.0 = Release|Any CPU
		{CC7EF0A3-437A-47F2-BA7A-50557204CAA7}.Debug|Any CPU.ActiveCfg = Debug|Any CPU
		{CC7EF0A3-437A-47F2-BA7A-50557204CAA7}.Debug|Any CPU.Build.0 = Debug|Any CPU
		{CC7EF0A3-437A-47F2-BA7A-50557204CAA7}.Release|Any CPU.ActiveCfg = Release|Any CPU
		{CC7EF0A3-437A-47F2-BA7A-50557204CAA7}.Release|Any CPU.Build.0 = Release|Any CPU
		{D6E1ADBD-F3CF-421F-B347-B07AAC1745B1}.Debug|Any CPU.ActiveCfg = Debug|Any CPU
		{D6E1ADBD-F3CF-421F-B347-B07AAC1745B1}.Debug|Any CPU.Build.0 = Debug|Any CPU
		{D6E1ADBD-F3CF-421F-B347-B07AAC1745B1}.Release|Any CPU.ActiveCfg = Release|Any CPU
		{D6E1ADBD-F3CF-421F-B347-B07AAC1745B1}.Release|Any CPU.Build.0 = Release|Any CPU
		{C1F0A124-D677-4BA7-9C54-08C286AD07EA}.Debug|Any CPU.ActiveCfg = Debug|Any CPU
		{C1F0A124-D677-4BA7-9C54-08C286AD07EA}.Debug|Any CPU.Build.0 = Debug|Any CPU
		{C1F0A124-D677-4BA7-9C54-08C286AD07EA}.Release|Any CPU.ActiveCfg = Release|Any CPU
		{C1F0A124-D677-4BA7-9C54-08C286AD07EA}.Release|Any CPU.Build.0 = Release|Any CPU
		{2F7E7ED6-E66D-4620-B586-E929BF6ABB93}.Debug|Any CPU.ActiveCfg = Debug|Any CPU
		{2F7E7ED6-E66D-4620-B586-E929BF6ABB93}.Debug|Any CPU.Build.0 = Debug|Any CPU
		{2F7E7ED6-E66D-4620-B586-E929BF6ABB93}.Release|Any CPU.ActiveCfg = Release|Any CPU
		{2F7E7ED6-E66D-4620-B586-E929BF6ABB93}.Release|Any CPU.Build.0 = Release|Any CPU
		{570A1ED6-8C9B-4899-9103-DC8A933BC459}.Debug|Any CPU.ActiveCfg = Debug|Any CPU
		{570A1ED6-8C9B-4899-9103-DC8A933BC459}.Debug|Any CPU.Build.0 = Debug|Any CPU
		{570A1ED6-8C9B-4899-9103-DC8A933BC459}.Release|Any CPU.ActiveCfg = Release|Any CPU
		{570A1ED6-8C9B-4899-9103-DC8A933BC459}.Release|Any CPU.Build.0 = Release|Any CPU
		{CD19EB6B-49B2-4571-A4D9-82F7FA24F9B8}.Debug|Any CPU.ActiveCfg = Debug|Any CPU
		{CD19EB6B-49B2-4571-A4D9-82F7FA24F9B8}.Debug|Any CPU.Build.0 = Debug|Any CPU
		{CD19EB6B-49B2-4571-A4D9-82F7FA24F9B8}.Release|Any CPU.ActiveCfg = Release|Any CPU
		{CD19EB6B-49B2-4571-A4D9-82F7FA24F9B8}.Release|Any CPU.Build.0 = Release|Any CPU
		{5DD1427C-FE6A-4739-A4F3-78A9BA22DF52}.Debug|Any CPU.ActiveCfg = Debug|Any CPU
		{5DD1427C-FE6A-4739-A4F3-78A9BA22DF52}.Debug|Any CPU.Build.0 = Debug|Any CPU
		{5DD1427C-FE6A-4739-A4F3-78A9BA22DF52}.Release|Any CPU.ActiveCfg = Release|Any CPU
		{5DD1427C-FE6A-4739-A4F3-78A9BA22DF52}.Release|Any CPU.Build.0 = Release|Any CPU
		{67D8D548-B20C-42C4-862F-B290CE04FDBE}.Debug|Any CPU.ActiveCfg = Debug|Any CPU
		{67D8D548-B20C-42C4-862F-B290CE04FDBE}.Debug|Any CPU.Build.0 = Debug|Any CPU
		{67D8D548-B20C-42C4-862F-B290CE04FDBE}.Release|Any CPU.ActiveCfg = Release|Any CPU
		{67D8D548-B20C-42C4-862F-B290CE04FDBE}.Release|Any CPU.Build.0 = Release|Any CPU
		{A0D988BF-E4D6-4329-9FF9-BE8CFAB809B5}.Debug|Any CPU.ActiveCfg = Debug|Any CPU
		{A0D988BF-E4D6-4329-9FF9-BE8CFAB809B5}.Debug|Any CPU.Build.0 = Debug|Any CPU
		{A0D988BF-E4D6-4329-9FF9-BE8CFAB809B5}.Release|Any CPU.ActiveCfg = Release|Any CPU
		{A0D988BF-E4D6-4329-9FF9-BE8CFAB809B5}.Release|Any CPU.Build.0 = Release|Any CPU
		{B0BA6A0B-EFFB-4BEB-80DA-E70897EA6FD2}.Debug|Any CPU.ActiveCfg = Debug|Any CPU
		{B0BA6A0B-EFFB-4BEB-80DA-E70897EA6FD2}.Debug|Any CPU.Build.0 = Debug|Any CPU
		{B0BA6A0B-EFFB-4BEB-80DA-E70897EA6FD2}.Release|Any CPU.ActiveCfg = Release|Any CPU
		{B0BA6A0B-EFFB-4BEB-80DA-E70897EA6FD2}.Release|Any CPU.Build.0 = Release|Any CPU
		{72538AFD-601F-4FD1-8C7E-3F6CB15FC2BF}.Debug|Any CPU.ActiveCfg = Debug|Any CPU
		{72538AFD-601F-4FD1-8C7E-3F6CB15FC2BF}.Debug|Any CPU.Build.0 = Debug|Any CPU
		{72538AFD-601F-4FD1-8C7E-3F6CB15FC2BF}.Release|Any CPU.ActiveCfg = Release|Any CPU
		{72538AFD-601F-4FD1-8C7E-3F6CB15FC2BF}.Release|Any CPU.Build.0 = Release|Any CPU
		{19A9DE01-2BC2-40C8-80C4-7EE16AD16C5D}.Debug|Any CPU.ActiveCfg = Debug|Any CPU
		{19A9DE01-2BC2-40C8-80C4-7EE16AD16C5D}.Debug|Any CPU.Build.0 = Debug|Any CPU
		{19A9DE01-2BC2-40C8-80C4-7EE16AD16C5D}.Release|Any CPU.ActiveCfg = Release|Any CPU
		{19A9DE01-2BC2-40C8-80C4-7EE16AD16C5D}.Release|Any CPU.Build.0 = Release|Any CPU
		{C8C3C0A1-3870-4DDE-BE5E-A55F2B1748B3}.Debug|Any CPU.ActiveCfg = Debug|Any CPU
		{C8C3C0A1-3870-4DDE-BE5E-A55F2B1748B3}.Debug|Any CPU.Build.0 = Debug|Any CPU
		{C8C3C0A1-3870-4DDE-BE5E-A55F2B1748B3}.Release|Any CPU.ActiveCfg = Release|Any CPU
		{C8C3C0A1-3870-4DDE-BE5E-A55F2B1748B3}.Release|Any CPU.Build.0 = Release|Any CPU
		{3456EF1A-EF40-48AC-AF61-EB4313CF8B28}.Debug|Any CPU.ActiveCfg = Debug|Any CPU
		{3456EF1A-EF40-48AC-AF61-EB4313CF8B28}.Debug|Any CPU.Build.0 = Debug|Any CPU
		{3456EF1A-EF40-48AC-AF61-EB4313CF8B28}.Release|Any CPU.ActiveCfg = Release|Any CPU
		{3456EF1A-EF40-48AC-AF61-EB4313CF8B28}.Release|Any CPU.Build.0 = Release|Any CPU
		{D3188A5C-9697-4E1F-9C58-FB3CA493FA65}.Debug|Any CPU.ActiveCfg = Debug|Any CPU
		{D3188A5C-9697-4E1F-9C58-FB3CA493FA65}.Debug|Any CPU.Build.0 = Debug|Any CPU
		{D3188A5C-9697-4E1F-9C58-FB3CA493FA65}.Release|Any CPU.ActiveCfg = Release|Any CPU
		{D3188A5C-9697-4E1F-9C58-FB3CA493FA65}.Release|Any CPU.Build.0 = Release|Any CPU
		{89FF56B2-A52D-44D0-897B-55DD6D822887}.Debug|Any CPU.ActiveCfg = Debug|Any CPU
		{89FF56B2-A52D-44D0-897B-55DD6D822887}.Debug|Any CPU.Build.0 = Debug|Any CPU
		{89FF56B2-A52D-44D0-897B-55DD6D822887}.Release|Any CPU.ActiveCfg = Release|Any CPU
		{89FF56B2-A52D-44D0-897B-55DD6D822887}.Release|Any CPU.Build.0 = Release|Any CPU
		{48C09310-2141-4315-B319-D21E36D6267B}.Debug|Any CPU.ActiveCfg = Debug|Any CPU
		{48C09310-2141-4315-B319-D21E36D6267B}.Debug|Any CPU.Build.0 = Debug|Any CPU
		{48C09310-2141-4315-B319-D21E36D6267B}.Release|Any CPU.ActiveCfg = Release|Any CPU
		{48C09310-2141-4315-B319-D21E36D6267B}.Release|Any CPU.Build.0 = Release|Any CPU
		{D6A0A73D-4F8B-4CAF-8A00-1D0978DD832F}.Debug|Any CPU.ActiveCfg = Debug|Any CPU
		{D6A0A73D-4F8B-4CAF-8A00-1D0978DD832F}.Debug|Any CPU.Build.0 = Debug|Any CPU
		{D6A0A73D-4F8B-4CAF-8A00-1D0978DD832F}.Release|Any CPU.ActiveCfg = Release|Any CPU
		{D6A0A73D-4F8B-4CAF-8A00-1D0978DD832F}.Release|Any CPU.Build.0 = Release|Any CPU
		{F0EE9D86-E91D-4B4A-BA08-D8DDCC3A14F8}.Debug|Any CPU.ActiveCfg = Debug|Any CPU
		{F0EE9D86-E91D-4B4A-BA08-D8DDCC3A14F8}.Debug|Any CPU.Build.0 = Debug|Any CPU
		{F0EE9D86-E91D-4B4A-BA08-D8DDCC3A14F8}.Release|Any CPU.ActiveCfg = Release|Any CPU
		{F0EE9D86-E91D-4B4A-BA08-D8DDCC3A14F8}.Release|Any CPU.Build.0 = Release|Any CPU
		{D37A6432-5AB0-47D9-A575-972421F5C598}.Debug|Any CPU.ActiveCfg = Debug|Any CPU
		{D37A6432-5AB0-47D9-A575-972421F5C598}.Debug|Any CPU.Build.0 = Debug|Any CPU
		{D37A6432-5AB0-47D9-A575-972421F5C598}.Release|Any CPU.ActiveCfg = Release|Any CPU
		{D37A6432-5AB0-47D9-A575-972421F5C598}.Release|Any CPU.Build.0 = Release|Any CPU
		{32BA10BA-FCBF-4F09-A245-CC9A6DDD10B2}.Debug|Any CPU.ActiveCfg = Debug|Any CPU
		{32BA10BA-FCBF-4F09-A245-CC9A6DDD10B2}.Debug|Any CPU.Build.0 = Debug|Any CPU
		{32BA10BA-FCBF-4F09-A245-CC9A6DDD10B2}.Release|Any CPU.ActiveCfg = Release|Any CPU
		{32BA10BA-FCBF-4F09-A245-CC9A6DDD10B2}.Release|Any CPU.Build.0 = Release|Any CPU
		{24C5A0F2-DABE-40F9-9C4C-80E060E57E59}.Debug|Any CPU.ActiveCfg = Debug|Any CPU
		{24C5A0F2-DABE-40F9-9C4C-80E060E57E59}.Debug|Any CPU.Build.0 = Debug|Any CPU
		{24C5A0F2-DABE-40F9-9C4C-80E060E57E59}.Release|Any CPU.ActiveCfg = Release|Any CPU
		{24C5A0F2-DABE-40F9-9C4C-80E060E57E59}.Release|Any CPU.Build.0 = Release|Any CPU
		{3D90DA70-7FEC-48C2-ACBF-32E884733651}.Debug|Any CPU.ActiveCfg = Debug|Any CPU
		{3D90DA70-7FEC-48C2-ACBF-32E884733651}.Debug|Any CPU.Build.0 = Debug|Any CPU
		{3D90DA70-7FEC-48C2-ACBF-32E884733651}.Release|Any CPU.ActiveCfg = Release|Any CPU
		{3D90DA70-7FEC-48C2-ACBF-32E884733651}.Release|Any CPU.Build.0 = Release|Any CPU
		{BD033F1B-D4B9-47EB-894F-6A786D379417}.Debug|Any CPU.ActiveCfg = Debug|Any CPU
		{BD033F1B-D4B9-47EB-894F-6A786D379417}.Debug|Any CPU.Build.0 = Debug|Any CPU
		{BD033F1B-D4B9-47EB-894F-6A786D379417}.Release|Any CPU.ActiveCfg = Release|Any CPU
		{BD033F1B-D4B9-47EB-894F-6A786D379417}.Release|Any CPU.Build.0 = Release|Any CPU
		{1DA0725D-52AC-4A8F-862E-602E7EC79D2C}.Debug|Any CPU.ActiveCfg = Debug|Any CPU
		{1DA0725D-52AC-4A8F-862E-602E7EC79D2C}.Debug|Any CPU.Build.0 = Debug|Any CPU
		{1DA0725D-52AC-4A8F-862E-602E7EC79D2C}.Release|Any CPU.ActiveCfg = Release|Any CPU
		{1DA0725D-52AC-4A8F-862E-602E7EC79D2C}.Release|Any CPU.Build.0 = Release|Any CPU
		{BE1871AE-06AC-4A0E-8CCA-95837C044B6E}.Debug|Any CPU.ActiveCfg = Debug|Any CPU
		{BE1871AE-06AC-4A0E-8CCA-95837C044B6E}.Debug|Any CPU.Build.0 = Debug|Any CPU
		{BE1871AE-06AC-4A0E-8CCA-95837C044B6E}.Release|Any CPU.ActiveCfg = Release|Any CPU
		{BE1871AE-06AC-4A0E-8CCA-95837C044B6E}.Release|Any CPU.Build.0 = Release|Any CPU
		{49A1721F-4D01-496E-A923-2D3000D5E821}.Debug|Any CPU.ActiveCfg = Debug|Any CPU
		{49A1721F-4D01-496E-A923-2D3000D5E821}.Debug|Any CPU.Build.0 = Debug|Any CPU
		{49A1721F-4D01-496E-A923-2D3000D5E821}.Release|Any CPU.ActiveCfg = Release|Any CPU
		{49A1721F-4D01-496E-A923-2D3000D5E821}.Release|Any CPU.Build.0 = Release|Any CPU
		{C55BFEB7-D40E-45CA-8BCD-C755ADF53D52}.Debug|Any CPU.ActiveCfg = Debug|Any CPU
		{C55BFEB7-D40E-45CA-8BCD-C755ADF53D52}.Debug|Any CPU.Build.0 = Debug|Any CPU
		{C55BFEB7-D40E-45CA-8BCD-C755ADF53D52}.Release|Any CPU.ActiveCfg = Release|Any CPU
		{C55BFEB7-D40E-45CA-8BCD-C755ADF53D52}.Release|Any CPU.Build.0 = Release|Any CPU
		{0F9531FF-C6FA-4113-AEC9-5FCAC57A52D4}.Debug|Any CPU.ActiveCfg = Debug|Any CPU
		{0F9531FF-C6FA-4113-AEC9-5FCAC57A52D4}.Debug|Any CPU.Build.0 = Debug|Any CPU
		{0F9531FF-C6FA-4113-AEC9-5FCAC57A52D4}.Release|Any CPU.ActiveCfg = Release|Any CPU
		{0F9531FF-C6FA-4113-AEC9-5FCAC57A52D4}.Release|Any CPU.Build.0 = Release|Any CPU
	EndGlobalSection
	GlobalSection(SolutionProperties) = preSolution
		HideSolutionNode = FALSE
	EndGlobalSection
	GlobalSection(NestedProjects) = preSolution
		{CE96FD76-235F-4FA2-BD9D-21B6341E4AE0} = {AD7F522C-E282-4AC3-A8A7-73AD5C727F65}
		{99C9A70D-D93E-409B-9191-BEFB0E869A21} = {18327ADF-23FD-4B67-BBD1-38043FE41435}
		{CC7EF0A3-437A-47F2-BA7A-50557204CAA7} = {18327ADF-23FD-4B67-BBD1-38043FE41435}
		{D6E1ADBD-F3CF-421F-B347-B07AAC1745B1} = {18327ADF-23FD-4B67-BBD1-38043FE41435}
		{C1F0A124-D677-4BA7-9C54-08C286AD07EA} = {AD7F522C-E282-4AC3-A8A7-73AD5C727F65}
		{2F7E7ED6-E66D-4620-B586-E929BF6ABB93} = {AD7F522C-E282-4AC3-A8A7-73AD5C727F65}
		{570A1ED6-8C9B-4899-9103-DC8A933BC459} = {AD7F522C-E282-4AC3-A8A7-73AD5C727F65}
		{CD19EB6B-49B2-4571-A4D9-82F7FA24F9B8} = {AD7F522C-E282-4AC3-A8A7-73AD5C727F65}
		{5DD1427C-FE6A-4739-A4F3-78A9BA22DF52} = {AD7F522C-E282-4AC3-A8A7-73AD5C727F65}
		{67D8D548-B20C-42C4-862F-B290CE04FDBE} = {18327ADF-23FD-4B67-BBD1-38043FE41435}
		{A0D988BF-E4D6-4329-9FF9-BE8CFAB809B5} = {18327ADF-23FD-4B67-BBD1-38043FE41435}
		{B0BA6A0B-EFFB-4BEB-80DA-E70897EA6FD2} = {18327ADF-23FD-4B67-BBD1-38043FE41435}
		{72538AFD-601F-4FD1-8C7E-3F6CB15FC2BF} = {F52396D5-00FB-46F9-AFBD-1CF59CD2AE4E}
		{19A9DE01-2BC2-40C8-80C4-7EE16AD16C5D} = {F52396D5-00FB-46F9-AFBD-1CF59CD2AE4E}
		{C8C3C0A1-3870-4DDE-BE5E-A55F2B1748B3} = {18327ADF-23FD-4B67-BBD1-38043FE41435}
		{3456EF1A-EF40-48AC-AF61-EB4313CF8B28} = {18327ADF-23FD-4B67-BBD1-38043FE41435}
		{D3188A5C-9697-4E1F-9C58-FB3CA493FA65} = {18327ADF-23FD-4B67-BBD1-38043FE41435}
		{89FF56B2-A52D-44D0-897B-55DD6D822887} = {18327ADF-23FD-4B67-BBD1-38043FE41435}
		{48C09310-2141-4315-B319-D21E36D6267B} = {41543B92-12D1-4956-8D0C-C3DEB7B574AF}
		{D6A0A73D-4F8B-4CAF-8A00-1D0978DD832F} = {AD7F522C-E282-4AC3-A8A7-73AD5C727F65}
		{F0EE9D86-E91D-4B4A-BA08-D8DDCC3A14F8} = {18327ADF-23FD-4B67-BBD1-38043FE41435}
		{D37A6432-5AB0-47D9-A575-972421F5C598} = {41543B92-12D1-4956-8D0C-C3DEB7B574AF}
		{32BA10BA-FCBF-4F09-A245-CC9A6DDD10B2} = {41543B92-12D1-4956-8D0C-C3DEB7B574AF}
		{24C5A0F2-DABE-40F9-9C4C-80E060E57E59} = {41543B92-12D1-4956-8D0C-C3DEB7B574AF}
		{3D90DA70-7FEC-48C2-ACBF-32E884733651} = {41543B92-12D1-4956-8D0C-C3DEB7B574AF}
		{BD033F1B-D4B9-47EB-894F-6A786D379417} = {41543B92-12D1-4956-8D0C-C3DEB7B574AF}
		{1DA0725D-52AC-4A8F-862E-602E7EC79D2C} = {41543B92-12D1-4956-8D0C-C3DEB7B574AF}
		{BE1871AE-06AC-4A0E-8CCA-95837C044B6E} = {41543B92-12D1-4956-8D0C-C3DEB7B574AF}
		{49A1721F-4D01-496E-A923-2D3000D5E821} = {AD7F522C-E282-4AC3-A8A7-73AD5C727F65}
		{C55BFEB7-D40E-45CA-8BCD-C755ADF53D52} = {AD7F522C-E282-4AC3-A8A7-73AD5C727F65}
		{0F9531FF-C6FA-4113-AEC9-5FCAC57A52D4} = {AD7F522C-E282-4AC3-A8A7-73AD5C727F65}
	EndGlobalSection
	GlobalSection(ExtensibilityGlobals) = postSolution
		SolutionGuid = {61DDF856-8DAB-48DA-B9CA-ADCD419D66E8}
	EndGlobalSection
EndGlobal
