
Microsoft Visual Studio Solution File, Format Version 12.00
# Visual Studio Version 17
VisualStudioVersion = 17.0.31903.59
MinimumVisualStudioVersion = 10.0.40219.1
Project("{FAE04EC0-301F-11D3-BF4B-00C04F79EFBC}") = "DataFlow.Logger.Test.UsageExamples", "..\DataFlow.Logger.Test.UsageExamples\DataFlow.Logger.Test.UsageExamples.csproj", "{ABD572CD-2AC7-40A8-BAB0-7C5BC21098B0}"
EndProject
Project("{FAE04EC0-301F-11D3-BF4B-00C04F79EFBC}") = "DataFlow.Logger.Tests", "DataFlow.Logger.Tests\DataFlow.Logger.Tests.csproj", "{3A453CEB-7127-44D6-9241-BEE0CA05C461}"
EndProject
Global
	GlobalSection(SolutionConfigurationPlatforms) = preSolution
		Debug|Any CPU = Debug|Any CPU
		Debug|x64 = Debug|x64
		Debug|x86 = Debug|x86
		Release|Any CPU = Release|Any CPU
		Release|x64 = Release|x64
		Release|x86 = Release|x86
	EndGlobalSection
	GlobalSection(ProjectConfigurationPlatforms) = postSolution
		{ABD572CD-2AC7-40A8-BAB0-7C5BC21098B0}.Debug|Any CPU.ActiveCfg = Debug|Any CPU
		{ABD572CD-2AC7-40A8-BAB0-7C5BC21098B0}.Debug|Any CPU.Build.0 = Debug|Any CPU
		{ABD572CD-2AC7-40A8-BAB0-7C5BC21098B0}.Debug|x64.ActiveCfg = Debug|Any CPU
		{ABD572CD-2AC7-40A8-BAB0-7C5BC21098B0}.Debug|x64.Build.0 = Debug|Any CPU
		{ABD572CD-2AC7-40A8-BAB0-7C5BC21098B0}.Debug|x86.ActiveCfg = Debug|Any CPU
		{ABD572CD-2AC7-40A8-BAB0-7C5BC21098B0}.Debug|x86.Build.0 = Debug|Any CPU
		{ABD572CD-2AC7-40A8-BAB0-7C5BC21098B0}.Release|Any CPU.ActiveCfg = Release|Any CPU
		{ABD572CD-2AC7-40A8-BAB0-7C5BC21098B0}.Release|Any CPU.Build.0 = Release|Any CPU
		{ABD572CD-2AC7-40A8-BAB0-7C5BC21098B0}.Release|x64.ActiveCfg = Release|Any CPU
		{ABD572CD-2AC7-40A8-BAB0-7C5BC21098B0}.Release|x64.Build.0 = Release|Any CPU
		{ABD572CD-2AC7-40A8-BAB0-7C5BC21098B0}.Release|x86.ActiveCfg = Release|Any CPU
		{ABD572CD-2AC7-40A8-BAB0-7C5BC21098B0}.Release|x86.Build.0 = Release|Any CPU
		{3A453CEB-7127-44D6-9241-BEE0CA05C461}.Debug|Any CPU.ActiveCfg = Debug|Any CPU
		{3A453CEB-7127-44D6-9241-BEE0CA05C461}.Debug|Any CPU.Build.0 = Debug|Any CPU
		{3A453CEB-7127-44D6-9241-BEE0CA05C461}.Debug|x64.ActiveCfg = Debug|Any CPU
		{3A453CEB-7127-44D6-9241-BEE0CA05C461}.Debug|x64.Build.0 = Debug|Any CPU
		{3A453CEB-7127-44D6-9241-BEE0CA05C461}.Debug|x86.ActiveCfg = Debug|Any CPU
		{3A453CEB-7127-44D6-9241-BEE0CA05C461}.Debug|x86.Build.0 = Debug|Any CPU
		{3A453CEB-7127-44D6-9241-BEE0CA05C461}.Release|Any CPU.ActiveCfg = Release|Any CPU
		{3A453CEB-7127-44D6-9241-BEE0CA05C461}.Release|Any CPU.Build.0 = Release|Any CPU
		{3A453CEB-7127-44D6-9241-BEE0CA05C461}.Release|x64.ActiveCfg = Release|Any CPU
		{3A453CEB-7127-44D6-9241-BEE0CA05C461}.Release|x64.Build.0 = Release|Any CPU
		{3A453CEB-7127-44D6-9241-BEE0CA05C461}.Release|x86.ActiveCfg = Release|Any CPU
		{3A453CEB-7127-44D6-9241-BEE0CA05C461}.Release|x86.Build.0 = Release|Any CPU
	EndGlobalSection
	GlobalSection(SolutionProperties) = preSolution
		HideSolutionNode = FALSE
	EndGlobalSection
EndGlobal
